// !$*UTF8*$!
{
	archiveVersion = 1;
	classes = {
	};
	objectVersion = 46;
	objects = {

/* Begin PBXBuildFile section */
		CA131B261791591D001EE98D /* ZHAnswerCell.m in Sources */ = {isa = PBXBuildFile; fileRef = CA131B251791591D001EE98D /* ZHAnswerCell.m */; };
		CA131B2917915A5E001EE98D /* ZHAnswerHeaderView.m in Sources */ = {isa = PBXBuildFile; fileRef = CA131B2817915A5E001EE98D /* ZHAnswerHeaderView.m */; };
		CA33AC1E1790FDC600F37894 /* collections.json in Resources */ = {isa = PBXBuildFile; fileRef = CA33AC1D1790FDC600F37894 /* collections.json */; };
		CA33AC261790FE0F00F37894 /* info1.json in Resources */ = {isa = PBXBuildFile; fileRef = CA33AC201790FE0F00F37894 /* info1.json */; };
		CA33AC271790FE0F00F37894 /* info2.json in Resources */ = {isa = PBXBuildFile; fileRef = CA33AC211790FE0F00F37894 /* info2.json */; };
		CA33AC281790FE0F00F37894 /* info3.json in Resources */ = {isa = PBXBuildFile; fileRef = CA33AC221790FE0F00F37894 /* info3.json */; };
		CA33AC291790FE0F00F37894 /* info4.json in Resources */ = {isa = PBXBuildFile; fileRef = CA33AC231790FE0F00F37894 /* info4.json */; };
		CA33AC2A1790FE0F00F37894 /* info5.json in Resources */ = {isa = PBXBuildFile; fileRef = CA33AC241790FE0F00F37894 /* info5.json */; };
		CA33AC2B1790FE0F00F37894 /* info6.json in Resources */ = {isa = PBXBuildFile; fileRef = CA33AC251790FE0F00F37894 /* info6.json */; };
		CA33AC321790FE2200F37894 /* detail1.json in Resources */ = {isa = PBXBuildFile; fileRef = CA33AC2D1790FE2200F37894 /* detail1.json */; };
		CA33AC331790FE2200F37894 /* detail2.json in Resources */ = {isa = PBXBuildFile; fileRef = CA33AC2E1790FE2200F37894 /* detail2.json */; };
		CA33AC341790FE2200F37894 /* detail3.json in Resources */ = {isa = PBXBuildFile; fileRef = CA33AC2F1790FE2200F37894 /* detail3.json */; };
		CA33AC351790FE2200F37894 /* detail4.json in Resources */ = {isa = PBXBuildFile; fileRef = CA33AC301790FE2200F37894 /* detail4.json */; };
		CA33AC361790FE2200F37894 /* detail5.json in Resources */ = {isa = PBXBuildFile; fileRef = CA33AC311790FE2200F37894 /* detail5.json */; };
		CA33AC3A1790FE3000F37894 /* answers.json in Resources */ = {isa = PBXBuildFile; fileRef = CA33AC381790FE3000F37894 /* answers.json */; };
		CA33AC3B1790FE3000F37894 /* header.json in Resources */ = {isa = PBXBuildFile; fileRef = CA33AC391790FE3000F37894 /* header.json */; };
		CA33AC8B1790FE3C00F37894 /* AvatarFemale100.png in Resources */ = {isa = PBXBuildFile; fileRef = CA33AC3D1790FE3C00F37894 /* AvatarFemale100.png */; };
		CA33AC8C1790FE3C00F37894 /* AvatarFemale100@2x.png in Resources */ = {isa = PBXBuildFile; fileRef = CA33AC3E1790FE3C00F37894 /* AvatarFemale100@2x.png */; };
		CA33AC8D1790FE3C00F37894 /* AvatarMale100.png in Resources */ = {isa = PBXBuildFile; fileRef = CA33AC3F1790FE3C00F37894 /* AvatarMale100.png */; };
		CA33AC8E1790FE3C00F37894 /* AvatarMale100@2x.png in Resources */ = {isa = PBXBuildFile; fileRef = CA33AC401790FE3C00F37894 /* AvatarMale100@2x.png */; };
		CA33AC8F1790FE3C00F37894 /* AvatarMaskL.png in Resources */ = {isa = PBXBuildFile; fileRef = CA33AC411790FE3C00F37894 /* AvatarMaskL.png */; };
		CA33AC901790FE3C00F37894 /* AvatarMaskL@2x.png in Resources */ = {isa = PBXBuildFile; fileRef = CA33AC421790FE3C00F37894 /* AvatarMaskL@2x.png */; };
		CA33AC911790FE3C00F37894 /* AvatarMaskM.png in Resources */ = {isa = PBXBuildFile; fileRef = CA33AC431790FE3C00F37894 /* AvatarMaskM.png */; };
		CA33AC921790FE3C00F37894 /* AvatarMaskM@2x.png in Resources */ = {isa = PBXBuildFile; fileRef = CA33AC441790FE3C00F37894 /* AvatarMaskM@2x.png */; };
		CA33AC931790FE3C00F37894 /* AvatarMaskS.png in Resources */ = {isa = PBXBuildFile; fileRef = CA33AC451790FE3C00F37894 /* AvatarMaskS.png */; };
		CA33AC941790FE3C00F37894 /* AvatarMaskS@2x.png in Resources */ = {isa = PBXBuildFile; fileRef = CA33AC461790FE3C00F37894 /* AvatarMaskS@2x.png */; };
		CA33AC951790FE3C00F37894 /* AvatarMaskXL.png in Resources */ = {isa = PBXBuildFile; fileRef = CA33AC471790FE3C00F37894 /* AvatarMaskXL.png */; };
		CA33AC961790FE3C00F37894 /* AvatarMaskXL@2x.png in Resources */ = {isa = PBXBuildFile; fileRef = CA33AC481790FE3C00F37894 /* AvatarMaskXL@2x.png */; };
		CA33AC971790FE3C00F37894 /* NavigationBar.png in Resources */ = {isa = PBXBuildFile; fileRef = CA33AC491790FE3C00F37894 /* NavigationBar.png */; };
		CA33AC981790FE3C00F37894 /* NavigationBar@2x.png in Resources */ = {isa = PBXBuildFile; fileRef = CA33AC4A1790FE3C00F37894 /* NavigationBar@2x.png */; };
		CA33AC991790FE3C00F37894 /* NavigationBarBackButtonHighlight.png in Resources */ = {isa = PBXBuildFile; fileRef = CA33AC4B1790FE3C00F37894 /* NavigationBarBackButtonHighlight.png */; };
		CA33AC9A1790FE3C00F37894 /* NavigationBarBackButtonHighlight@2x.png in Resources */ = {isa = PBXBuildFile; fileRef = CA33AC4C1790FE3C00F37894 /* NavigationBarBackButtonHighlight@2x.png */; };
		CA33AC9B1790FE3C00F37894 /* NavigationBarBackButtonNormal.png in Resources */ = {isa = PBXBuildFile; fileRef = CA33AC4D1790FE3C00F37894 /* NavigationBarBackButtonNormal.png */; };
		CA33AC9C1790FE3C00F37894 /* NavigationBarBackButtonNormal@2x.png in Resources */ = {isa = PBXBuildFile; fileRef = CA33AC4E1790FE3C00F37894 /* NavigationBarBackButtonNormal@2x.png */; };
		CA33AC9D1790FE3C00F37894 /* NavigationBarButtonHighlight.png in Resources */ = {isa = PBXBuildFile; fileRef = CA33AC4F1790FE3C00F37894 /* NavigationBarButtonHighlight.png */; };
		CA33AC9E1790FE3C00F37894 /* NavigationBarButtonHighlight@2x.png in Resources */ = {isa = PBXBuildFile; fileRef = CA33AC501790FE3C00F37894 /* NavigationBarButtonHighlight@2x.png */; };
		CA33AC9F1790FE3C00F37894 /* NavigationBarButtonNormal.png in Resources */ = {isa = PBXBuildFile; fileRef = CA33AC511790FE3C00F37894 /* NavigationBarButtonNormal.png */; };
		CA33ACA01790FE3C00F37894 /* NavigationBarButtonNormal@2x.png in Resources */ = {isa = PBXBuildFile; fileRef = CA33AC521790FE3C00F37894 /* NavigationBarButtonNormal@2x.png */; };
		CA33ACA11790FE3C00F37894 /* NavigationBarShadow.png in Resources */ = {isa = PBXBuildFile; fileRef = CA33AC531790FE3C00F37894 /* NavigationBarShadow.png */; };
		CA33ACA21790FE3C00F37894 /* NavigationBarShadow@2x.png in Resources */ = {isa = PBXBuildFile; fileRef = CA33AC541790FE3C00F37894 /* NavigationBarShadow@2x.png */; };
		CA33ACA31790FE3C00F37894 /* ZHAnswerViewCollectIconNormal.png in Resources */ = {isa = PBXBuildFile; fileRef = CA33AC551790FE3C00F37894 /* ZHAnswerViewCollectIconNormal.png */; };
		CA33ACA41790FE3C00F37894 /* ZHAnswerViewCollectIconNormal@2x.png in Resources */ = {isa = PBXBuildFile; fileRef = CA33AC561790FE3C00F37894 /* ZHAnswerViewCollectIconNormal@2x.png */; };
		CA33ACA51790FE3C00F37894 /* ZHAnswerViewThankIconNormal.png in Resources */ = {isa = PBXBuildFile; fileRef = CA33AC571790FE3C00F37894 /* ZHAnswerViewThankIconNormal.png */; };
		CA33ACA61790FE3C00F37894 /* ZHAnswerViewThankIconNormal@2x.png in Resources */ = {isa = PBXBuildFile; fileRef = CA33AC581790FE3C00F37894 /* ZHAnswerViewThankIconNormal@2x.png */; };
		CA33ACA71790FE3C00F37894 /* ZHCellSingleNormal.png in Resources */ = {isa = PBXBuildFile; fileRef = CA33AC591790FE3C00F37894 /* ZHCellSingleNormal.png */; };
		CA33ACA81790FE3C00F37894 /* ZHCellSingleNormal@2x.png in Resources */ = {isa = PBXBuildFile; fileRef = CA33AC5A1790FE3C00F37894 /* ZHCellSingleNormal@2x.png */; };
		CA33ACA91790FE3C00F37894 /* ZHCellTopNormal.png in Resources */ = {isa = PBXBuildFile; fileRef = CA33AC5B1790FE3C00F37894 /* ZHCellTopNormal.png */; };
		CA33ACAA1790FE3C00F37894 /* ZHCellTopNormal@2x.png in Resources */ = {isa = PBXBuildFile; fileRef = CA33AC5C1790FE3C00F37894 /* ZHCellTopNormal@2x.png */; };
		CA33ACAB1790FE3C00F37894 /* ZHExploreFavBase.png in Resources */ = {isa = PBXBuildFile; fileRef = CA33AC5D1790FE3C00F37894 /* ZHExploreFavBase.png */; };
		CA33ACAC1790FE3C00F37894 /* ZHExploreFavBase@2x.png in Resources */ = {isa = PBXBuildFile; fileRef = CA33AC5E1790FE3C00F37894 /* ZHExploreFavBase@2x.png */; };
		CA33ACAF1790FE3C00F37894 /* ZHExploreShuffleIconNext.png in Resources */ = {isa = PBXBuildFile; fileRef = CA33AC611790FE3C00F37894 /* ZHExploreShuffleIconNext.png */; };
		CA33ACB01790FE3C00F37894 /* ZHExploreShuffleIconNext@2x.png in Resources */ = {isa = PBXBuildFile; fileRef = CA33AC621790FE3C00F37894 /* ZHExploreShuffleIconNext@2x.png */; };
		CA33ACB11790FE3C00F37894 /* ZHFeaturedContentBase.png in Resources */ = {isa = PBXBuildFile; fileRef = CA33AC631790FE3C00F37894 /* ZHFeaturedContentBase.png */; };
		CA33ACB21790FE3C00F37894 /* ZHFeaturedContentBase@2x.png in Resources */ = {isa = PBXBuildFile; fileRef = CA33AC641790FE3C00F37894 /* ZHFeaturedContentBase@2x.png */; };
		CA33ACB31790FE3C00F37894 /* ZHFeaturedIconRate.png in Resources */ = {isa = PBXBuildFile; fileRef = CA33AC651790FE3C00F37894 /* ZHFeaturedIconRate.png */; };
		CA33ACB41790FE3C00F37894 /* ZHFeaturedIconRate@2x.png in Resources */ = {isa = PBXBuildFile; fileRef = CA33AC661790FE3C00F37894 /* ZHFeaturedIconRate@2x.png */; };
		CA33ACB51790FE3C00F37894 /* ZHListViewArrowRight.png in Resources */ = {isa = PBXBuildFile; fileRef = CA33AC671790FE3C00F37894 /* ZHListViewArrowRight.png */; };
		CA33ACB61790FE3C00F37894 /* ZHListViewArrowRight@2x.png in Resources */ = {isa = PBXBuildFile; fileRef = CA33AC681790FE3C00F37894 /* ZHListViewArrowRight@2x.png */; };
		CA33ACB71790FE3C00F37894 /* ZHNavigationBarActionIcon.png in Resources */ = {isa = PBXBuildFile; fileRef = CA33AC691790FE3C00F37894 /* ZHNavigationBarActionIcon.png */; };
		CA33ACB81790FE3C00F37894 /* ZHNavigationBarActionIcon@2x.png in Resources */ = {isa = PBXBuildFile; fileRef = CA33AC6A1790FE3C00F37894 /* ZHNavigationBarActionIcon@2x.png */; };
		CA33ACB91790FE3C00F37894 /* ZHNavigationBarMoreIcon.png in Resources */ = {isa = PBXBuildFile; fileRef = CA33AC6B1790FE3C00F37894 /* ZHNavigationBarMoreIcon.png */; };
		CA33ACBA1790FE3C00F37894 /* ZHNavigationBarMoreIcon@2x.png in Resources */ = {isa = PBXBuildFile; fileRef = CA33AC6C1790FE3C00F37894 /* ZHNavigationBarMoreIcon@2x.png */; };
		CA33ACBB1790FE3C00F37894 /* ZHNavigationBarSettingsIcon.png in Resources */ = {isa = PBXBuildFile; fileRef = CA33AC6D1790FE3C00F37894 /* ZHNavigationBarSettingsIcon.png */; };
		CA33ACBC1790FE3C00F37894 /* ZHNavigationBarSettingsIcon@2x.png in Resources */ = {isa = PBXBuildFile; fileRef = CA33AC6E1790FE3C00F37894 /* ZHNavigationBarSettingsIcon@2x.png */; };
		CA33ACBD1790FE3C00F37894 /* ZHNavigationBarShuffleIcon.png in Resources */ = {isa = PBXBuildFile; fileRef = CA33AC6F1790FE3C00F37894 /* ZHNavigationBarShuffleIcon.png */; };
		CA33ACBE1790FE3C00F37894 /* ZHNavigationBarShuffleIcon@2x.png in Resources */ = {isa = PBXBuildFile; fileRef = CA33AC701790FE3C00F37894 /* ZHNavigationBarShuffleIcon@2x.png */; };
		CA33ACBF1790FE3C00F37894 /* ZHProfileMessageIconHighlight.png in Resources */ = {isa = PBXBuildFile; fileRef = CA33AC711790FE3C00F37894 /* ZHProfileMessageIconHighlight.png */; };
		CA33ACC01790FE3C00F37894 /* ZHProfileMessageIconHighlight@2x.png in Resources */ = {isa = PBXBuildFile; fileRef = CA33AC721790FE3C00F37894 /* ZHProfileMessageIconHighlight@2x.png */; };
		CA33ACC11790FE3C00F37894 /* ZHProfileMessageIconNormal.png in Resources */ = {isa = PBXBuildFile; fileRef = CA33AC731790FE3C00F37894 /* ZHProfileMessageIconNormal.png */; };
		CA33ACC21790FE3C00F37894 /* ZHProfileMessageIconNormal@2x.png in Resources */ = {isa = PBXBuildFile; fileRef = CA33AC741790FE3C00F37894 /* ZHProfileMessageIconNormal@2x.png */; };
		CA33ACC31790FE3C00F37894 /* ZHProfileViewGenderFemale.png in Resources */ = {isa = PBXBuildFile; fileRef = CA33AC751790FE3C00F37894 /* ZHProfileViewGenderFemale.png */; };
		CA33ACC41790FE3C00F37894 /* ZHProfileViewGenderFemale@2x.png in Resources */ = {isa = PBXBuildFile; fileRef = CA33AC761790FE3C00F37894 /* ZHProfileViewGenderFemale@2x.png */; };
		CA33ACC51790FE3C00F37894 /* ZHProfileViewGenderMale.png in Resources */ = {isa = PBXBuildFile; fileRef = CA33AC771790FE3C00F37894 /* ZHProfileViewGenderMale.png */; };
		CA33ACC61790FE3C00F37894 /* ZHProfileViewGenderMale@2x.png in Resources */ = {isa = PBXBuildFile; fileRef = CA33AC781790FE3C00F37894 /* ZHProfileViewGenderMale@2x.png */; };
		CA33ACC71790FE3C00F37894 /* ZHProfileViewSinaWeiboIcon.png in Resources */ = {isa = PBXBuildFile; fileRef = CA33AC791790FE3C00F37894 /* ZHProfileViewSinaWeiboIcon.png */; };
		CA33ACC81790FE3C00F37894 /* ZHProfileViewSinaWeiboIcon@2x.png in Resources */ = {isa = PBXBuildFile; fileRef = CA33AC7A1790FE3C00F37894 /* ZHProfileViewSinaWeiboIcon@2x.png */; };
		CA33ACC91790FE3C00F37894 /* ZHProfileViewTencentWeiboIcon.png in Resources */ = {isa = PBXBuildFile; fileRef = CA33AC7B1790FE3C00F37894 /* ZHProfileViewTencentWeiboIcon.png */; };
		CA33ACCA1790FE3C00F37894 /* ZHProfileViewTencentWeiboIcon@2x.png in Resources */ = {isa = PBXBuildFile; fileRef = CA33AC7C1790FE3C00F37894 /* ZHProfileViewTencentWeiboIcon@2x.png */; };
		CA33ACCB1790FE3C00F37894 /* ZHProfileViewToolbar.png in Resources */ = {isa = PBXBuildFile; fileRef = CA33AC7D1790FE3C00F37894 /* ZHProfileViewToolbar.png */; };
		CA33ACCC1790FE3C00F37894 /* ZHProfileViewToolbar@2x.png in Resources */ = {isa = PBXBuildFile; fileRef = CA33AC7E1790FE3C00F37894 /* ZHProfileViewToolbar@2x.png */; };
		CA33ACCD1790FE3C00F37894 /* ZHProfileViewTopbg.png in Resources */ = {isa = PBXBuildFile; fileRef = CA33AC7F1790FE3C00F37894 /* ZHProfileViewTopbg.png */; };
		CA33ACCE1790FE3C00F37894 /* ZHProfileViewTopbg@2x.png in Resources */ = {isa = PBXBuildFile; fileRef = CA33AC801790FE3C00F37894 /* ZHProfileViewTopbg@2x.png */; };
		CA33ACCF1790FE3C00F37894 /* ZHQuestionViewAnswerVotedBase.png in Resources */ = {isa = PBXBuildFile; fileRef = CA33AC811790FE3C00F37894 /* ZHQuestionViewAnswerVotedBase.png */; };
		CA33ACD01790FE3C00F37894 /* ZHQuestionViewAnswerVotedBase@2x.png in Resources */ = {isa = PBXBuildFile; fileRef = CA33AC821790FE3C00F37894 /* ZHQuestionViewAnswerVotedBase@2x.png */; };
		CA33ACD11790FE3C00F37894 /* ZHQuestionViewCommentIcon.png in Resources */ = {isa = PBXBuildFile; fileRef = CA33AC831790FE3C00F37894 /* ZHQuestionViewCommentIcon.png */; };
		CA33ACD21790FE3C00F37894 /* ZHQuestionViewCommentIcon@2x.png in Resources */ = {isa = PBXBuildFile; fileRef = CA33AC841790FE3C00F37894 /* ZHQuestionViewCommentIcon@2x.png */; };
		CA33ACD31790FE3C00F37894 /* ZHQuestionViewFollowingIcon.png in Resources */ = {isa = PBXBuildFile; fileRef = CA33AC851790FE3C00F37894 /* ZHQuestionViewFollowingIcon.png */; };
		CA33ACD41790FE3C00F37894 /* ZHQuestionViewFollowingIcon@2x.png in Resources */ = {isa = PBXBuildFile; fileRef = CA33AC861790FE3C00F37894 /* ZHQuestionViewFollowingIcon@2x.png */; };
		CA33ACD51790FE3C00F37894 /* ZHThankIcon.png in Resources */ = {isa = PBXBuildFile; fileRef = CA33AC871790FE3C00F37894 /* ZHThankIcon.png */; };
		CA33ACD61790FE3C00F37894 /* ZHThankIcon@2x.png in Resources */ = {isa = PBXBuildFile; fileRef = CA33AC881790FE3C00F37894 /* ZHThankIcon@2x.png */; };
		CA33ACD71790FE3C00F37894 /* ZHVoteupIcon.png in Resources */ = {isa = PBXBuildFile; fileRef = CA33AC891790FE3C00F37894 /* ZHVoteupIcon.png */; };
		CA33ACD81790FE3C00F37894 /* ZHVoteupIcon@2x.png in Resources */ = {isa = PBXBuildFile; fileRef = CA33AC8A1790FE3C00F37894 /* ZHVoteupIcon@2x.png */; };
		CA4D4F851793AC06006305B3 /* ZHExploreFavTopBase.png in Resources */ = {isa = PBXBuildFile; fileRef = CA4D4F831793AC06006305B3 /* ZHExploreFavTopBase.png */; };
		CA4D4F861793AC06006305B3 /* ZHExploreFavTopBase@2x.png in Resources */ = {isa = PBXBuildFile; fileRef = CA4D4F841793AC06006305B3 /* ZHExploreFavTopBase@2x.png */; };
		CA4EA68F17911F3C004BE8F9 /* QuartzCore.framework in Frameworks */ = {isa = PBXBuildFile; fileRef = CA4EA68E17911F3C004BE8F9 /* QuartzCore.framework */; };
		CA4EA69217912078004BE8F9 /* ZHDMViewInputBox.png in Resources */ = {isa = PBXBuildFile; fileRef = CA4EA69017912078004BE8F9 /* ZHDMViewInputBox.png */; };
		CA4EA69317912078004BE8F9 /* ZHDMViewInputBox@2x.png in Resources */ = {isa = PBXBuildFile; fileRef = CA4EA69117912078004BE8F9 /* ZHDMViewInputBox@2x.png */; };
		CA54FAA1178EA7CD007DC220 /* ZHCollectionViewController.m in Sources */ = {isa = PBXBuildFile; fileRef = CA54FAA0178EA7CD007DC220 /* ZHCollectionViewController.m */; };
		CA54FAA4178EA81F007DC220 /* ZHAnswerViewController.m in Sources */ = {isa = PBXBuildFile; fileRef = CA54FAA3178EA81F007DC220 /* ZHAnswerViewController.m */; };
		CA54FAA7178EA850007DC220 /* ZHUserInfoViewController.m in Sources */ = {isa = PBXBuildFile; fileRef = CA54FAA6178EA850007DC220 /* ZHUserInfoViewController.m */; };
		CA54FAAA178EA860007DC220 /* ZHUserDetailViewController.m in Sources */ = {isa = PBXBuildFile; fileRef = CA54FAA9178EA860007DC220 /* ZHUserDetailViewController.m */; };
		CA54FAC0178EAB36007DC220 /* CoreGraphics.framework in Frameworks */ = {isa = PBXBuildFile; fileRef = CA8C544F178EA2B2005552CE /* CoreGraphics.framework */; };
		CA54FAC3178EABB5007DC220 /* ZHCollectionFactory.m in Sources */ = {isa = PBXBuildFile; fileRef = CA54FAC2178EABB5007DC220 /* ZHCollectionFactory.m */; };
		CA54FACD178EAC43007DC220 /* ZHDataParserFactory.m in Sources */ = {isa = PBXBuildFile; fileRef = CA54FACC178EAC43007DC220 /* ZHDataParserFactory.m */; };
		CA54FACE178EAC64007DC220 /* ZHAnswerFactory.m in Sources */ = {isa = PBXBuildFile; fileRef = CA54FAC6178EABE0007DC220 /* ZHAnswerFactory.m */; };
		CA54FACF178EAC68007DC220 /* ZHUserInfoFactory.m in Sources */ = {isa = PBXBuildFile; fileRef = CA54FAC8178EABFA007DC220 /* ZHUserInfoFactory.m */; };
		CA54FB7E178EB32F007DC220 /* ZHLoadJSONFile.m in Sources */ = {isa = PBXBuildFile; fileRef = CA54FB7D178EB32F007DC220 /* ZHLoadJSONFile.m */; };
		CA561F6F178F9D0F00383B89 /* ZHCollectionParser.m in Sources */ = {isa = PBXBuildFile; fileRef = CA561F6E178F9D0F00383B89 /* ZHCollectionParser.m */; };
		CA561F72178F9D2400383B89 /* ZHParser.m in Sources */ = {isa = PBXBuildFile; fileRef = CA561F71178F9D2400383B89 /* ZHParser.m */; };
		CA561F75178F9D3900383B89 /* ZHAnswerParser.m in Sources */ = {isa = PBXBuildFile; fileRef = CA561F74178F9D3900383B89 /* ZHAnswerParser.m */; };
		CA561F78178F9D5F00383B89 /* ZHUserInfoParser.m in Sources */ = {isa = PBXBuildFile; fileRef = CA561F77178F9D5F00383B89 /* ZHUserInfoParser.m */; };
		CA561F7E178FA50800383B89 /* ZHAnswerHeaderParser.m in Sources */ = {isa = PBXBuildFile; fileRef = CA561F7D178FA50800383B89 /* ZHAnswerHeaderParser.m */; };
		CA77DA96178FB8EF0012FE4F /* ZHAnswerHeaderFactory.m in Sources */ = {isa = PBXBuildFile; fileRef = CA77DA95178FB8EF0012FE4F /* ZHAnswerHeaderFactory.m */; };
		CA77DAAC178FD8140012FE4F /* ZHObject.m in Sources */ = {isa = PBXBuildFile; fileRef = CA77DAAB178FD8130012FE4F /* ZHObject.m */; };
		CA77DAAF178FD8330012FE4F /* ZHCollectionObject.m in Sources */ = {isa = PBXBuildFile; fileRef = CA77DAAE178FD8320012FE4F /* ZHCollectionObject.m */; };
		CA77DAB2178FD8450012FE4F /* ZHAnswerObject.m in Sources */ = {isa = PBXBuildFile; fileRef = CA77DAB1178FD8450012FE4F /* ZHAnswerObject.m */; };
		CA77DAB5178FD86F0012FE4F /* ZHUserInfoObject.m in Sources */ = {isa = PBXBuildFile; fileRef = CA77DAB4178FD86E0012FE4F /* ZHUserInfoObject.m */; };
		CA77DABB178FD88D0012FE4F /* ZHModel.m in Sources */ = {isa = PBXBuildFile; fileRef = CA77DABA178FD88C0012FE4F /* ZHModel.m */; };
		CA77DAC1178FEA290012FE4F /* ZHAnswerHeaderObject.m in Sources */ = {isa = PBXBuildFile; fileRef = CA77DAC0178FEA290012FE4F /* ZHAnswerHeaderObject.m */; };
		CA77DAC4178FFBCE0012FE4F /* ZHListViewController.m in Sources */ = {isa = PBXBuildFile; fileRef = CA77DAC3178FFBCE0012FE4F /* ZHListViewController.m */; };
		CA77DAD0178FFF5D0012FE4F /* ZHListView.m in Sources */ = {isa = PBXBuildFile; fileRef = CA77DACF178FFF5D0012FE4F /* ZHListView.m */; };
		CA77DAD51790002F0012FE4F /* ZHListViewCell.m in Sources */ = {isa = PBXBuildFile; fileRef = CA77DAD41790002F0012FE4F /* ZHListViewCell.m */; };
		CA77DAD81790004B0012FE4F /* ZHListViewDelegate.m in Sources */ = {isa = PBXBuildFile; fileRef = CA77DAD71790004B0012FE4F /* ZHListViewDelegate.m */; };
		CA77DADB179000620012FE4F /* ZHListViewDataSource.m in Sources */ = {isa = PBXBuildFile; fileRef = CA77DADA179000620012FE4F /* ZHListViewDataSource.m */; };
		CA77DADE17900F6C0012FE4F /* ZHCollectionCell.m in Sources */ = {isa = PBXBuildFile; fileRef = CA77DADD17900F6C0012FE4F /* ZHCollectionCell.m */; };
		CA77DAE117900F8D0012FE4F /* ZHCollectionDataSource.m in Sources */ = {isa = PBXBuildFile; fileRef = CA77DAE017900F8C0012FE4F /* ZHCollectionDataSource.m */; };
		CA77DAE417900FA90012FE4F /* ZHCollectionDelegate.m in Sources */ = {isa = PBXBuildFile; fileRef = CA77DAE317900FA90012FE4F /* ZHCollectionDelegate.m */; };
		CA8C544C178EA2B2005552CE /* UIKit.framework in Frameworks */ = {isa = PBXBuildFile; fileRef = CA8C544B178EA2B2005552CE /* UIKit.framework */; };
		CA8C544E178EA2B2005552CE /* Foundation.framework in Frameworks */ = {isa = PBXBuildFile; fileRef = CA8C544D178EA2B2005552CE /* Foundation.framework */; };
		CA8C5456178EA2B2005552CE /* InfoPlist.strings in Resources */ = {isa = PBXBuildFile; fileRef = CA8C5454178EA2B2005552CE /* InfoPlist.strings */; };
		CA8C5458178EA2B2005552CE /* main.m in Sources */ = {isa = PBXBuildFile; fileRef = CA8C5457178EA2B2005552CE /* main.m */; };
		CA8C545C178EA2B2005552CE /* ZHAppDelegate.m in Sources */ = {isa = PBXBuildFile; fileRef = CA8C545B178EA2B2005552CE /* ZHAppDelegate.m */; };
		CA8C545E178EA2B2005552CE /* Default.png in Resources */ = {isa = PBXBuildFile; fileRef = CA8C545D178EA2B2005552CE /* Default.png */; };
		CA8C5460178EA2B2005552CE /* Default@2x.png in Resources */ = {isa = PBXBuildFile; fileRef = CA8C545F178EA2B2005552CE /* Default@2x.png */; };
		CA8C5462178EA2B2005552CE /* Default-568h@2x.png in Resources */ = {isa = PBXBuildFile; fileRef = CA8C5461178EA2B2005552CE /* Default-568h@2x.png */; };
		CA8C546A178EA2B2005552CE /* SenTestingKit.framework in Frameworks */ = {isa = PBXBuildFile; fileRef = CA8C5469178EA2B2005552CE /* SenTestingKit.framework */; };
		CA8C546B178EA2B2005552CE /* UIKit.framework in Frameworks */ = {isa = PBXBuildFile; fileRef = CA8C544B178EA2B2005552CE /* UIKit.framework */; };
		CA8C546C178EA2B2005552CE /* Foundation.framework in Frameworks */ = {isa = PBXBuildFile; fileRef = CA8C544D178EA2B2005552CE /* Foundation.framework */; };
		CA8C5474178EA2B2005552CE /* InfoPlist.strings in Resources */ = {isa = PBXBuildFile; fileRef = CA8C5472178EA2B2005552CE /* InfoPlist.strings */; };
		CA8C5477178EA2B2005552CE /* ZHDemoTests.m in Sources */ = {isa = PBXBuildFile; fileRef = CA8C5476178EA2B2005552CE /* ZHDemoTests.m */; };
		CA8D9999179103F000AE1900 /* BackgroundTextures.png in Resources */ = {isa = PBXBuildFile; fileRef = CA8D9997179103F000AE1900 /* BackgroundTextures.png */; };
		CA8D999A179103F000AE1900 /* BackgroundTextures@2x.png in Resources */ = {isa = PBXBuildFile; fileRef = CA8D9998179103F000AE1900 /* BackgroundTextures@2x.png */; };
		CAAEFCCF17911BA800F1233D /* ZHCellMiddleNormal.png in Resources */ = {isa = PBXBuildFile; fileRef = CAAEFCCD17911BA800F1233D /* ZHCellMiddleNormal.png */; };
		CAAEFCD017911BA800F1233D /* ZHCellMiddleNormal@2x.png in Resources */ = {isa = PBXBuildFile; fileRef = CAAEFCCE17911BA800F1233D /* ZHCellMiddleNormal@2x.png */; };
		CABA8A51179012F0004B356E /* UIView+Frame.m in Sources */ = {isa = PBXBuildFile; fileRef = CABA8A50179012F0004B356E /* UIView+Frame.m */; };
		CABA8A5517901316004B356E /* JSONKit.m in Sources */ = {isa = PBXBuildFile; fileRef = CABA8A5417901316004B356E /* JSONKit.m */; settings = {COMPILER_FLAGS = "-fno-objc-arc"; }; };
/* End PBXBuildFile section */

/* Begin PBXContainerItemProxy section */
		CA8C546D178EA2B2005552CE /* PBXContainerItemProxy */ = {
			isa = PBXContainerItemProxy;
			containerPortal = CA8C5440178EA2B2005552CE /* Project object */;
			proxyType = 1;
			remoteGlobalIDString = CA8C5447178EA2B2005552CE;
			remoteInfo = ZHDemo;
		};
/* End PBXContainerItemProxy section */

/* Begin PBXFileReference section */
		CA131B241791591D001EE98D /* ZHAnswerCell.h */ = {isa = PBXFileReference; fileEncoding = 4; lastKnownFileType = sourcecode.c.h; path = ZHAnswerCell.h; sourceTree = "<group>"; };
		CA131B251791591D001EE98D /* ZHAnswerCell.m */ = {isa = PBXFileReference; fileEncoding = 4; lastKnownFileType = sourcecode.c.objc; path = ZHAnswerCell.m; sourceTree = "<group>"; };
		CA131B2717915A5E001EE98D /* ZHAnswerHeaderView.h */ = {isa = PBXFileReference; fileEncoding = 4; lastKnownFileType = sourcecode.c.h; path = ZHAnswerHeaderView.h; sourceTree = "<group>"; };
		CA131B2817915A5E001EE98D /* ZHAnswerHeaderView.m */ = {isa = PBXFileReference; fileEncoding = 4; lastKnownFileType = sourcecode.c.objc; path = ZHAnswerHeaderView.m; sourceTree = "<group>"; };
		CA33AC1D1790FDC600F37894 /* collections.json */ = {isa = PBXFileReference; fileEncoding = 4; lastKnownFileType = text.json; path = collections.json; sourceTree = "<group>"; };
		CA33AC201790FE0F00F37894 /* info1.json */ = {isa = PBXFileReference; fileEncoding = 4; lastKnownFileType = text.json; path = info1.json; sourceTree = "<group>"; };
		CA33AC211790FE0F00F37894 /* info2.json */ = {isa = PBXFileReference; fileEncoding = 4; lastKnownFileType = text.json; path = info2.json; sourceTree = "<group>"; };
		CA33AC221790FE0F00F37894 /* info3.json */ = {isa = PBXFileReference; fileEncoding = 4; lastKnownFileType = text.json; path = info3.json; sourceTree = "<group>"; };
		CA33AC231790FE0F00F37894 /* info4.json */ = {isa = PBXFileReference; fileEncoding = 4; lastKnownFileType = text.json; path = info4.json; sourceTree = "<group>"; };
		CA33AC241790FE0F00F37894 /* info5.json */ = {isa = PBXFileReference; fileEncoding = 4; lastKnownFileType = text.json; path = info5.json; sourceTree = "<group>"; };
		CA33AC251790FE0F00F37894 /* info6.json */ = {isa = PBXFileReference; fileEncoding = 4; lastKnownFileType = text.json; path = info6.json; sourceTree = "<group>"; };
		CA33AC2D1790FE2200F37894 /* detail1.json */ = {isa = PBXFileReference; fileEncoding = 4; lastKnownFileType = text.json; path = detail1.json; sourceTree = "<group>"; };
		CA33AC2E1790FE2200F37894 /* detail2.json */ = {isa = PBXFileReference; fileEncoding = 4; lastKnownFileType = text.json; path = detail2.json; sourceTree = "<group>"; };
		CA33AC2F1790FE2200F37894 /* detail3.json */ = {isa = PBXFileReference; fileEncoding = 4; lastKnownFileType = text.json; path = detail3.json; sourceTree = "<group>"; };
		CA33AC301790FE2200F37894 /* detail4.json */ = {isa = PBXFileReference; fileEncoding = 4; lastKnownFileType = text.json; path = detail4.json; sourceTree = "<group>"; };
		CA33AC311790FE2200F37894 /* detail5.json */ = {isa = PBXFileReference; fileEncoding = 4; lastKnownFileType = text.json; path = detail5.json; sourceTree = "<group>"; };
		CA33AC381790FE3000F37894 /* answers.json */ = {isa = PBXFileReference; fileEncoding = 4; lastKnownFileType = text.json; path = answers.json; sourceTree = "<group>"; };
		CA33AC391790FE3000F37894 /* header.json */ = {isa = PBXFileReference; fileEncoding = 4; lastKnownFileType = text.json; path = header.json; sourceTree = "<group>"; };
		CA33AC3D1790FE3C00F37894 /* AvatarFemale100.png */ = {isa = PBXFileReference; lastKnownFileType = image.png; path = AvatarFemale100.png; sourceTree = "<group>"; };
		CA33AC3E1790FE3C00F37894 /* AvatarFemale100@2x.png */ = {isa = PBXFileReference; lastKnownFileType = image.png; path = "AvatarFemale100@2x.png"; sourceTree = "<group>"; };
		CA33AC3F1790FE3C00F37894 /* AvatarMale100.png */ = {isa = PBXFileReference; lastKnownFileType = image.png; path = AvatarMale100.png; sourceTree = "<group>"; };
		CA33AC401790FE3C00F37894 /* AvatarMale100@2x.png */ = {isa = PBXFileReference; lastKnownFileType = image.png; path = "AvatarMale100@2x.png"; sourceTree = "<group>"; };
		CA33AC411790FE3C00F37894 /* AvatarMaskL.png */ = {isa = PBXFileReference; lastKnownFileType = image.png; path = AvatarMaskL.png; sourceTree = "<group>"; };
		CA33AC421790FE3C00F37894 /* AvatarMaskL@2x.png */ = {isa = PBXFileReference; lastKnownFileType = image.png; path = "AvatarMaskL@2x.png"; sourceTree = "<group>"; };
		CA33AC431790FE3C00F37894 /* AvatarMaskM.png */ = {isa = PBXFileReference; lastKnownFileType = image.png; path = AvatarMaskM.png; sourceTree = "<group>"; };
		CA33AC441790FE3C00F37894 /* AvatarMaskM@2x.png */ = {isa = PBXFileReference; lastKnownFileType = image.png; path = "AvatarMaskM@2x.png"; sourceTree = "<group>"; };
		CA33AC451790FE3C00F37894 /* AvatarMaskS.png */ = {isa = PBXFileReference; lastKnownFileType = image.png; path = AvatarMaskS.png; sourceTree = "<group>"; };
		CA33AC461790FE3C00F37894 /* AvatarMaskS@2x.png */ = {isa = PBXFileReference; lastKnownFileType = image.png; path = "AvatarMaskS@2x.png"; sourceTree = "<group>"; };
		CA33AC471790FE3C00F37894 /* AvatarMaskXL.png */ = {isa = PBXFileReference; lastKnownFileType = image.png; path = AvatarMaskXL.png; sourceTree = "<group>"; };
		CA33AC481790FE3C00F37894 /* AvatarMaskXL@2x.png */ = {isa = PBXFileReference; lastKnownFileType = image.png; path = "AvatarMaskXL@2x.png"; sourceTree = "<group>"; };
		CA33AC491790FE3C00F37894 /* NavigationBar.png */ = {isa = PBXFileReference; lastKnownFileType = image.png; path = NavigationBar.png; sourceTree = "<group>"; };
		CA33AC4A1790FE3C00F37894 /* NavigationBar@2x.png */ = {isa = PBXFileReference; lastKnownFileType = image.png; path = "NavigationBar@2x.png"; sourceTree = "<group>"; };
		CA33AC4B1790FE3C00F37894 /* NavigationBarBackButtonHighlight.png */ = {isa = PBXFileReference; lastKnownFileType = image.png; path = NavigationBarBackButtonHighlight.png; sourceTree = "<group>"; };
		CA33AC4C1790FE3C00F37894 /* NavigationBarBackButtonHighlight@2x.png */ = {isa = PBXFileReference; lastKnownFileType = image.png; path = "NavigationBarBackButtonHighlight@2x.png"; sourceTree = "<group>"; };
		CA33AC4D1790FE3C00F37894 /* NavigationBarBackButtonNormal.png */ = {isa = PBXFileReference; lastKnownFileType = image.png; path = NavigationBarBackButtonNormal.png; sourceTree = "<group>"; };
		CA33AC4E1790FE3C00F37894 /* NavigationBarBackButtonNormal@2x.png */ = {isa = PBXFileReference; lastKnownFileType = image.png; path = "NavigationBarBackButtonNormal@2x.png"; sourceTree = "<group>"; };
		CA33AC4F1790FE3C00F37894 /* NavigationBarButtonHighlight.png */ = {isa = PBXFileReference; lastKnownFileType = image.png; path = NavigationBarButtonHighlight.png; sourceTree = "<group>"; };
		CA33AC501790FE3C00F37894 /* NavigationBarButtonHighlight@2x.png */ = {isa = PBXFileReference; lastKnownFileType = image.png; path = "NavigationBarButtonHighlight@2x.png"; sourceTree = "<group>"; };
		CA33AC511790FE3C00F37894 /* NavigationBarButtonNormal.png */ = {isa = PBXFileReference; lastKnownFileType = image.png; path = NavigationBarButtonNormal.png; sourceTree = "<group>"; };
		CA33AC521790FE3C00F37894 /* NavigationBarButtonNormal@2x.png */ = {isa = PBXFileReference; lastKnownFileType = image.png; path = "NavigationBarButtonNormal@2x.png"; sourceTree = "<group>"; };
		CA33AC531790FE3C00F37894 /* NavigationBarShadow.png */ = {isa = PBXFileReference; lastKnownFileType = image.png; path = NavigationBarShadow.png; sourceTree = "<group>"; };
		CA33AC541790FE3C00F37894 /* NavigationBarShadow@2x.png */ = {isa = PBXFileReference; lastKnownFileType = image.png; path = "NavigationBarShadow@2x.png"; sourceTree = "<group>"; };
		CA33AC551790FE3C00F37894 /* ZHAnswerViewCollectIconNormal.png */ = {isa = PBXFileReference; lastKnownFileType = image.png; path = ZHAnswerViewCollectIconNormal.png; sourceTree = "<group>"; };
		CA33AC561790FE3C00F37894 /* ZHAnswerViewCollectIconNormal@2x.png */ = {isa = PBXFileReference; lastKnownFileType = image.png; path = "ZHAnswerViewCollectIconNormal@2x.png"; sourceTree = "<group>"; };
		CA33AC571790FE3C00F37894 /* ZHAnswerViewThankIconNormal.png */ = {isa = PBXFileReference; lastKnownFileType = image.png; path = ZHAnswerViewThankIconNormal.png; sourceTree = "<group>"; };
		CA33AC581790FE3C00F37894 /* ZHAnswerViewThankIconNormal@2x.png */ = {isa = PBXFileReference; lastKnownFileType = image.png; path = "ZHAnswerViewThankIconNormal@2x.png"; sourceTree = "<group>"; };
		CA33AC591790FE3C00F37894 /* ZHCellSingleNormal.png */ = {isa = PBXFileReference; lastKnownFileType = image.png; path = ZHCellSingleNormal.png; sourceTree = "<group>"; };
		CA33AC5A1790FE3C00F37894 /* ZHCellSingleNormal@2x.png */ = {isa = PBXFileReference; lastKnownFileType = image.png; path = "ZHCellSingleNormal@2x.png"; sourceTree = "<group>"; };
		CA33AC5B1790FE3C00F37894 /* ZHCellTopNormal.png */ = {isa = PBXFileReference; lastKnownFileType = image.png; path = ZHCellTopNormal.png; sourceTree = "<group>"; };
		CA33AC5C1790FE3C00F37894 /* ZHCellTopNormal@2x.png */ = {isa = PBXFileReference; lastKnownFileType = image.png; path = "ZHCellTopNormal@2x.png"; sourceTree = "<group>"; };
		CA33AC5D1790FE3C00F37894 /* ZHExploreFavBase.png */ = {isa = PBXFileReference; lastKnownFileType = image.png; path = ZHExploreFavBase.png; sourceTree = "<group>"; };
		CA33AC5E1790FE3C00F37894 /* ZHExploreFavBase@2x.png */ = {isa = PBXFileReference; lastKnownFileType = image.png; path = "ZHExploreFavBase@2x.png"; sourceTree = "<group>"; };
		CA33AC611790FE3C00F37894 /* ZHExploreShuffleIconNext.png */ = {isa = PBXFileReference; lastKnownFileType = image.png; path = ZHExploreShuffleIconNext.png; sourceTree = "<group>"; };
		CA33AC621790FE3C00F37894 /* ZHExploreShuffleIconNext@2x.png */ = {isa = PBXFileReference; lastKnownFileType = image.png; path = "ZHExploreShuffleIconNext@2x.png"; sourceTree = "<group>"; };
		CA33AC631790FE3C00F37894 /* ZHFeaturedContentBase.png */ = {isa = PBXFileReference; lastKnownFileType = image.png; path = ZHFeaturedContentBase.png; sourceTree = "<group>"; };
		CA33AC641790FE3C00F37894 /* ZHFeaturedContentBase@2x.png */ = {isa = PBXFileReference; lastKnownFileType = image.png; path = "ZHFeaturedContentBase@2x.png"; sourceTree = "<group>"; };
		CA33AC651790FE3C00F37894 /* ZHFeaturedIconRate.png */ = {isa = PBXFileReference; lastKnownFileType = image.png; path = ZHFeaturedIconRate.png; sourceTree = "<group>"; };
		CA33AC661790FE3C00F37894 /* ZHFeaturedIconRate@2x.png */ = {isa = PBXFileReference; lastKnownFileType = image.png; path = "ZHFeaturedIconRate@2x.png"; sourceTree = "<group>"; };
		CA33AC671790FE3C00F37894 /* ZHListViewArrowRight.png */ = {isa = PBXFileReference; lastKnownFileType = image.png; path = ZHListViewArrowRight.png; sourceTree = "<group>"; };
		CA33AC681790FE3C00F37894 /* ZHListViewArrowRight@2x.png */ = {isa = PBXFileReference; lastKnownFileType = image.png; path = "ZHListViewArrowRight@2x.png"; sourceTree = "<group>"; };
		CA33AC691790FE3C00F37894 /* ZHNavigationBarActionIcon.png */ = {isa = PBXFileReference; lastKnownFileType = image.png; path = ZHNavigationBarActionIcon.png; sourceTree = "<group>"; };
		CA33AC6A1790FE3C00F37894 /* ZHNavigationBarActionIcon@2x.png */ = {isa = PBXFileReference; lastKnownFileType = image.png; path = "ZHNavigationBarActionIcon@2x.png"; sourceTree = "<group>"; };
		CA33AC6B1790FE3C00F37894 /* ZHNavigationBarMoreIcon.png */ = {isa = PBXFileReference; lastKnownFileType = image.png; path = ZHNavigationBarMoreIcon.png; sourceTree = "<group>"; };
		CA33AC6C1790FE3C00F37894 /* ZHNavigationBarMoreIcon@2x.png */ = {isa = PBXFileReference; lastKnownFileType = image.png; path = "ZHNavigationBarMoreIcon@2x.png"; sourceTree = "<group>"; };
		CA33AC6D1790FE3C00F37894 /* ZHNavigationBarSettingsIcon.png */ = {isa = PBXFileReference; lastKnownFileType = image.png; path = ZHNavigationBarSettingsIcon.png; sourceTree = "<group>"; };
		CA33AC6E1790FE3C00F37894 /* ZHNavigationBarSettingsIcon@2x.png */ = {isa = PBXFileReference; lastKnownFileType = image.png; path = "ZHNavigationBarSettingsIcon@2x.png"; sourceTree = "<group>"; };
		CA33AC6F1790FE3C00F37894 /* ZHNavigationBarShuffleIcon.png */ = {isa = PBXFileReference; lastKnownFileType = image.png; path = ZHNavigationBarShuffleIcon.png; sourceTree = "<group>"; };
		CA33AC701790FE3C00F37894 /* ZHNavigationBarShuffleIcon@2x.png */ = {isa = PBXFileReference; lastKnownFileType = image.png; path = "ZHNavigationBarShuffleIcon@2x.png"; sourceTree = "<group>"; };
		CA33AC711790FE3C00F37894 /* ZHProfileMessageIconHighlight.png */ = {isa = PBXFileReference; lastKnownFileType = image.png; path = ZHProfileMessageIconHighlight.png; sourceTree = "<group>"; };
		CA33AC721790FE3C00F37894 /* ZHProfileMessageIconHighlight@2x.png */ = {isa = PBXFileReference; lastKnownFileType = image.png; path = "ZHProfileMessageIconHighlight@2x.png"; sourceTree = "<group>"; };
		CA33AC731790FE3C00F37894 /* ZHProfileMessageIconNormal.png */ = {isa = PBXFileReference; lastKnownFileType = image.png; path = ZHProfileMessageIconNormal.png; sourceTree = "<group>"; };
		CA33AC741790FE3C00F37894 /* ZHProfileMessageIconNormal@2x.png */ = {isa = PBXFileReference; lastKnownFileType = image.png; path = "ZHProfileMessageIconNormal@2x.png"; sourceTree = "<group>"; };
		CA33AC751790FE3C00F37894 /* ZHProfileViewGenderFemale.png */ = {isa = PBXFileReference; lastKnownFileType = image.png; path = ZHProfileViewGenderFemale.png; sourceTree = "<group>"; };
		CA33AC761790FE3C00F37894 /* ZHProfileViewGenderFemale@2x.png */ = {isa = PBXFileReference; lastKnownFileType = image.png; path = "ZHProfileViewGenderFemale@2x.png"; sourceTree = "<group>"; };
		CA33AC771790FE3C00F37894 /* ZHProfileViewGenderMale.png */ = {isa = PBXFileReference; lastKnownFileType = image.png; path = ZHProfileViewGenderMale.png; sourceTree = "<group>"; };
		CA33AC781790FE3C00F37894 /* ZHProfileViewGenderMale@2x.png */ = {isa = PBXFileReference; lastKnownFileType = image.png; path = "ZHProfileViewGenderMale@2x.png"; sourceTree = "<group>"; };
		CA33AC791790FE3C00F37894 /* ZHProfileViewSinaWeiboIcon.png */ = {isa = PBXFileReference; lastKnownFileType = image.png; path = ZHProfileViewSinaWeiboIcon.png; sourceTree = "<group>"; };
		CA33AC7A1790FE3C00F37894 /* ZHProfileViewSinaWeiboIcon@2x.png */ = {isa = PBXFileReference; lastKnownFileType = image.png; path = "ZHProfileViewSinaWeiboIcon@2x.png"; sourceTree = "<group>"; };
		CA33AC7B1790FE3C00F37894 /* ZHProfileViewTencentWeiboIcon.png */ = {isa = PBXFileReference; lastKnownFileType = image.png; path = ZHProfileViewTencentWeiboIcon.png; sourceTree = "<group>"; };
		CA33AC7C1790FE3C00F37894 /* ZHProfileViewTencentWeiboIcon@2x.png */ = {isa = PBXFileReference; lastKnownFileType = image.png; path = "ZHProfileViewTencentWeiboIcon@2x.png"; sourceTree = "<group>"; };
		CA33AC7D1790FE3C00F37894 /* ZHProfileViewToolbar.png */ = {isa = PBXFileReference; lastKnownFileType = image.png; path = ZHProfileViewToolbar.png; sourceTree = "<group>"; };
		CA33AC7E1790FE3C00F37894 /* ZHProfileViewToolbar@2x.png */ = {isa = PBXFileReference; lastKnownFileType = image.png; path = "ZHProfileViewToolbar@2x.png"; sourceTree = "<group>"; };
		CA33AC7F1790FE3C00F37894 /* ZHProfileViewTopbg.png */ = {isa = PBXFileReference; lastKnownFileType = image.png; path = ZHProfileViewTopbg.png; sourceTree = "<group>"; };
		CA33AC801790FE3C00F37894 /* ZHProfileViewTopbg@2x.png */ = {isa = PBXFileReference; lastKnownFileType = image.png; path = "ZHProfileViewTopbg@2x.png"; sourceTree = "<group>"; };
		CA33AC811790FE3C00F37894 /* ZHQuestionViewAnswerVotedBase.png */ = {isa = PBXFileReference; lastKnownFileType = image.png; path = ZHQuestionViewAnswerVotedBase.png; sourceTree = "<group>"; };
		CA33AC821790FE3C00F37894 /* ZHQuestionViewAnswerVotedBase@2x.png */ = {isa = PBXFileReference; lastKnownFileType = image.png; path = "ZHQuestionViewAnswerVotedBase@2x.png"; sourceTree = "<group>"; };
		CA33AC831790FE3C00F37894 /* ZHQuestionViewCommentIcon.png */ = {isa = PBXFileReference; lastKnownFileType = image.png; path = ZHQuestionViewCommentIcon.png; sourceTree = "<group>"; };
		CA33AC841790FE3C00F37894 /* ZHQuestionViewCommentIcon@2x.png */ = {isa = PBXFileReference; lastKnownFileType = image.png; path = "ZHQuestionViewCommentIcon@2x.png"; sourceTree = "<group>"; };
		CA33AC851790FE3C00F37894 /* ZHQuestionViewFollowingIcon.png */ = {isa = PBXFileReference; lastKnownFileType = image.png; path = ZHQuestionViewFollowingIcon.png; sourceTree = "<group>"; };
		CA33AC861790FE3C00F37894 /* ZHQuestionViewFollowingIcon@2x.png */ = {isa = PBXFileReference; lastKnownFileType = image.png; path = "ZHQuestionViewFollowingIcon@2x.png"; sourceTree = "<group>"; };
		CA33AC871790FE3C00F37894 /* ZHThankIcon.png */ = {isa = PBXFileReference; lastKnownFileType = image.png; path = ZHThankIcon.png; sourceTree = "<group>"; };
		CA33AC881790FE3C00F37894 /* ZHThankIcon@2x.png */ = {isa = PBXFileReference; lastKnownFileType = image.png; path = "ZHThankIcon@2x.png"; sourceTree = "<group>"; };
		CA33AC891790FE3C00F37894 /* ZHVoteupIcon.png */ = {isa = PBXFileReference; lastKnownFileType = image.png; path = ZHVoteupIcon.png; sourceTree = "<group>"; };
		CA33AC8A1790FE3C00F37894 /* ZHVoteupIcon@2x.png */ = {isa = PBXFileReference; lastKnownFileType = image.png; path = "ZHVoteupIcon@2x.png"; sourceTree = "<group>"; };
		CA4D4F831793AC06006305B3 /* ZHExploreFavTopBase.png */ = {isa = PBXFileReference; lastKnownFileType = image.png; path = ZHExploreFavTopBase.png; sourceTree = "<group>"; };
		CA4D4F841793AC06006305B3 /* ZHExploreFavTopBase@2x.png */ = {isa = PBXFileReference; lastKnownFileType = image.png; path = "ZHExploreFavTopBase@2x.png"; sourceTree = "<group>"; };
		CA4EA68E17911F3C004BE8F9 /* QuartzCore.framework */ = {isa = PBXFileReference; lastKnownFileType = wrapper.framework; name = QuartzCore.framework; path = System/Library/Frameworks/QuartzCore.framework; sourceTree = SDKROOT; };
		CA4EA69017912078004BE8F9 /* ZHDMViewInputBox.png */ = {isa = PBXFileReference; lastKnownFileType = image.png; path = ZHDMViewInputBox.png; sourceTree = "<group>"; };
		CA4EA69117912078004BE8F9 /* ZHDMViewInputBox@2x.png */ = {isa = PBXFileReference; lastKnownFileType = image.png; path = "ZHDMViewInputBox@2x.png"; sourceTree = "<group>"; };
		CA54FA9F178EA7CD007DC220 /* ZHCollectionViewController.h */ = {isa = PBXFileReference; fileEncoding = 4; lastKnownFileType = sourcecode.c.h; path = ZHCollectionViewController.h; sourceTree = "<group>"; };
		CA54FAA0178EA7CD007DC220 /* ZHCollectionViewController.m */ = {isa = PBXFileReference; fileEncoding = 4; lastKnownFileType = sourcecode.c.objc; path = ZHCollectionViewController.m; sourceTree = "<group>"; };
		CA54FAA2178EA81F007DC220 /* ZHAnswerViewController.h */ = {isa = PBXFileReference; fileEncoding = 4; lastKnownFileType = sourcecode.c.h; path = ZHAnswerViewController.h; sourceTree = "<group>"; };
		CA54FAA3178EA81F007DC220 /* ZHAnswerViewController.m */ = {isa = PBXFileReference; fileEncoding = 4; lastKnownFileType = sourcecode.c.objc; path = ZHAnswerViewController.m; sourceTree = "<group>"; };
		CA54FAA5178EA850007DC220 /* ZHUserInfoViewController.h */ = {isa = PBXFileReference; fileEncoding = 4; lastKnownFileType = sourcecode.c.h; path = ZHUserInfoViewController.h; sourceTree = "<group>"; };
		CA54FAA6178EA850007DC220 /* ZHUserInfoViewController.m */ = {isa = PBXFileReference; fileEncoding = 4; lastKnownFileType = sourcecode.c.objc; path = ZHUserInfoViewController.m; sourceTree = "<group>"; };
		CA54FAA8178EA860007DC220 /* ZHUserDetailViewController.h */ = {isa = PBXFileReference; fileEncoding = 4; lastKnownFileType = sourcecode.c.h; path = ZHUserDetailViewController.h; sourceTree = "<group>"; };
		CA54FAA9178EA860007DC220 /* ZHUserDetailViewController.m */ = {isa = PBXFileReference; fileEncoding = 4; lastKnownFileType = sourcecode.c.objc; path = ZHUserDetailViewController.m; sourceTree = "<group>"; };
		CA54FAC1178EABB5007DC220 /* ZHCollectionFactory.h */ = {isa = PBXFileReference; fileEncoding = 4; lastKnownFileType = sourcecode.c.h; path = ZHCollectionFactory.h; sourceTree = "<group>"; };
		CA54FAC2178EABB5007DC220 /* ZHCollectionFactory.m */ = {isa = PBXFileReference; fileEncoding = 4; lastKnownFileType = sourcecode.c.objc; path = ZHCollectionFactory.m; sourceTree = "<group>"; };
		CA54FAC5178EABE0007DC220 /* ZHAnswerFactory.h */ = {isa = PBXFileReference; lastKnownFileType = sourcecode.c.h; path = ZHAnswerFactory.h; sourceTree = "<group>"; };
		CA54FAC6178EABE0007DC220 /* ZHAnswerFactory.m */ = {isa = PBXFileReference; lastKnownFileType = sourcecode.c.objc; path = ZHAnswerFactory.m; sourceTree = "<group>"; };
		CA54FAC7178EABFA007DC220 /* ZHUserInfoFactory.h */ = {isa = PBXFileReference; lastKnownFileType = sourcecode.c.h; path = ZHUserInfoFactory.h; sourceTree = "<group>"; };
		CA54FAC8178EABFA007DC220 /* ZHUserInfoFactory.m */ = {isa = PBXFileReference; lastKnownFileType = sourcecode.c.objc; path = ZHUserInfoFactory.m; sourceTree = "<group>"; };
		CA54FACB178EAC43007DC220 /* ZHDataParserFactory.h */ = {isa = PBXFileReference; fileEncoding = 4; lastKnownFileType = sourcecode.c.h; path = ZHDataParserFactory.h; sourceTree = "<group>"; };
		CA54FACC178EAC43007DC220 /* ZHDataParserFactory.m */ = {isa = PBXFileReference; fileEncoding = 4; lastKnownFileType = sourcecode.c.objc; path = ZHDataParserFactory.m; sourceTree = "<group>"; };
		CA54FB7C178EB32F007DC220 /* ZHLoadJSONFile.h */ = {isa = PBXFileReference; fileEncoding = 4; lastKnownFileType = sourcecode.c.h; path = ZHLoadJSONFile.h; sourceTree = "<group>"; };
		CA54FB7D178EB32F007DC220 /* ZHLoadJSONFile.m */ = {isa = PBXFileReference; fileEncoding = 4; lastKnownFileType = sourcecode.c.objc; path = ZHLoadJSONFile.m; sourceTree = "<group>"; };
		CA561F6D178F9D0F00383B89 /* ZHCollectionParser.h */ = {isa = PBXFileReference; fileEncoding = 4; lastKnownFileType = sourcecode.c.h; path = ZHCollectionParser.h; sourceTree = "<group>"; };
		CA561F6E178F9D0F00383B89 /* ZHCollectionParser.m */ = {isa = PBXFileReference; fileEncoding = 4; lastKnownFileType = sourcecode.c.objc; path = ZHCollectionParser.m; sourceTree = "<group>"; };
		CA561F70178F9D2400383B89 /* ZHParser.h */ = {isa = PBXFileReference; fileEncoding = 4; lastKnownFileType = sourcecode.c.h; path = ZHParser.h; sourceTree = "<group>"; };
		CA561F71178F9D2400383B89 /* ZHParser.m */ = {isa = PBXFileReference; fileEncoding = 4; lastKnownFileType = sourcecode.c.objc; path = ZHParser.m; sourceTree = "<group>"; };
		CA561F73178F9D3900383B89 /* ZHAnswerParser.h */ = {isa = PBXFileReference; fileEncoding = 4; lastKnownFileType = sourcecode.c.h; path = ZHAnswerParser.h; sourceTree = "<group>"; };
		CA561F74178F9D3900383B89 /* ZHAnswerParser.m */ = {isa = PBXFileReference; fileEncoding = 4; lastKnownFileType = sourcecode.c.objc; path = ZHAnswerParser.m; sourceTree = "<group>"; };
		CA561F76178F9D5F00383B89 /* ZHUserInfoParser.h */ = {isa = PBXFileReference; fileEncoding = 4; lastKnownFileType = sourcecode.c.h; path = ZHUserInfoParser.h; sourceTree = "<group>"; };
		CA561F77178F9D5F00383B89 /* ZHUserInfoParser.m */ = {isa = PBXFileReference; fileEncoding = 4; lastKnownFileType = sourcecode.c.objc; path = ZHUserInfoParser.m; sourceTree = "<group>"; };
		CA561F7C178FA50800383B89 /* ZHAnswerHeaderParser.h */ = {isa = PBXFileReference; fileEncoding = 4; lastKnownFileType = sourcecode.c.h; path = ZHAnswerHeaderParser.h; sourceTree = "<group>"; };
		CA561F7D178FA50800383B89 /* ZHAnswerHeaderParser.m */ = {isa = PBXFileReference; fileEncoding = 4; lastKnownFileType = sourcecode.c.objc; path = ZHAnswerHeaderParser.m; sourceTree = "<group>"; };
		CA77DA94178FB8EF0012FE4F /* ZHAnswerHeaderFactory.h */ = {isa = PBXFileReference; fileEncoding = 4; lastKnownFileType = sourcecode.c.h; path = ZHAnswerHeaderFactory.h; sourceTree = "<group>"; };
		CA77DA95178FB8EF0012FE4F /* ZHAnswerHeaderFactory.m */ = {isa = PBXFileReference; fileEncoding = 4; lastKnownFileType = sourcecode.c.objc; path = ZHAnswerHeaderFactory.m; sourceTree = "<group>"; };
		CA77DAAA178FD8130012FE4F /* ZHObject.h */ = {isa = PBXFileReference; fileEncoding = 4; lastKnownFileType = sourcecode.c.h; path = ZHObject.h; sourceTree = "<group>"; };
		CA77DAAB178FD8130012FE4F /* ZHObject.m */ = {isa = PBXFileReference; fileEncoding = 4; lastKnownFileType = sourcecode.c.objc; path = ZHObject.m; sourceTree = "<group>"; };
		CA77DAAD178FD8310012FE4F /* ZHCollectionObject.h */ = {isa = PBXFileReference; fileEncoding = 4; lastKnownFileType = sourcecode.c.h; path = ZHCollectionObject.h; sourceTree = "<group>"; };
		CA77DAAE178FD8320012FE4F /* ZHCollectionObject.m */ = {isa = PBXFileReference; fileEncoding = 4; lastKnownFileType = sourcecode.c.objc; path = ZHCollectionObject.m; sourceTree = "<group>"; };
		CA77DAB0178FD8440012FE4F /* ZHAnswerObject.h */ = {isa = PBXFileReference; fileEncoding = 4; lastKnownFileType = sourcecode.c.h; path = ZHAnswerObject.h; sourceTree = "<group>"; };
		CA77DAB1178FD8450012FE4F /* ZHAnswerObject.m */ = {isa = PBXFileReference; fileEncoding = 4; lastKnownFileType = sourcecode.c.objc; path = ZHAnswerObject.m; sourceTree = "<group>"; };
		CA77DAB3178FD86D0012FE4F /* ZHUserInfoObject.h */ = {isa = PBXFileReference; fileEncoding = 4; lastKnownFileType = sourcecode.c.h; path = ZHUserInfoObject.h; sourceTree = "<group>"; };
		CA77DAB4178FD86E0012FE4F /* ZHUserInfoObject.m */ = {isa = PBXFileReference; fileEncoding = 4; lastKnownFileType = sourcecode.c.objc; path = ZHUserInfoObject.m; sourceTree = "<group>"; };
		CA77DAB9178FD88C0012FE4F /* ZHModel.h */ = {isa = PBXFileReference; fileEncoding = 4; lastKnownFileType = sourcecode.c.h; path = ZHModel.h; sourceTree = "<group>"; };
		CA77DABA178FD88C0012FE4F /* ZHModel.m */ = {isa = PBXFileReference; fileEncoding = 4; lastKnownFileType = sourcecode.c.objc; path = ZHModel.m; sourceTree = "<group>"; };
		CA77DABF178FEA280012FE4F /* ZHAnswerHeaderObject.h */ = {isa = PBXFileReference; fileEncoding = 4; lastKnownFileType = sourcecode.c.h; path = ZHAnswerHeaderObject.h; sourceTree = "<group>"; };
		CA77DAC0178FEA290012FE4F /* ZHAnswerHeaderObject.m */ = {isa = PBXFileReference; fileEncoding = 4; lastKnownFileType = sourcecode.c.objc; path = ZHAnswerHeaderObject.m; sourceTree = "<group>"; };
		CA77DAC2178FFBCE0012FE4F /* ZHListViewController.h */ = {isa = PBXFileReference; fileEncoding = 4; lastKnownFileType = sourcecode.c.h; path = ZHListViewController.h; sourceTree = "<group>"; };
		CA77DAC3178FFBCE0012FE4F /* ZHListViewController.m */ = {isa = PBXFileReference; fileEncoding = 4; lastKnownFileType = sourcecode.c.objc; path = ZHListViewController.m; sourceTree = "<group>"; };
		CA77DACE178FFF5D0012FE4F /* ZHListView.h */ = {isa = PBXFileReference; fileEncoding = 4; lastKnownFileType = sourcecode.c.h; path = ZHListView.h; sourceTree = "<group>"; };
		CA77DACF178FFF5D0012FE4F /* ZHListView.m */ = {isa = PBXFileReference; fileEncoding = 4; lastKnownFileType = sourcecode.c.objc; path = ZHListView.m; sourceTree = "<group>"; };
		CA77DAD31790002F0012FE4F /* ZHListViewCell.h */ = {isa = PBXFileReference; fileEncoding = 4; lastKnownFileType = sourcecode.c.h; path = ZHListViewCell.h; sourceTree = "<group>"; };
		CA77DAD41790002F0012FE4F /* ZHListViewCell.m */ = {isa = PBXFileReference; fileEncoding = 4; lastKnownFileType = sourcecode.c.objc; path = ZHListViewCell.m; sourceTree = "<group>"; };
		CA77DAD61790004B0012FE4F /* ZHListViewDelegate.h */ = {isa = PBXFileReference; fileEncoding = 4; lastKnownFileType = sourcecode.c.h; path = ZHListViewDelegate.h; sourceTree = "<group>"; };
		CA77DAD71790004B0012FE4F /* ZHListViewDelegate.m */ = {isa = PBXFileReference; fileEncoding = 4; lastKnownFileType = sourcecode.c.objc; path = ZHListViewDelegate.m; sourceTree = "<group>"; };
		CA77DAD9179000620012FE4F /* ZHListViewDataSource.h */ = {isa = PBXFileReference; fileEncoding = 4; lastKnownFileType = sourcecode.c.h; path = ZHListViewDataSource.h; sourceTree = "<group>"; };
		CA77DADA179000620012FE4F /* ZHListViewDataSource.m */ = {isa = PBXFileReference; fileEncoding = 4; lastKnownFileType = sourcecode.c.objc; path = ZHListViewDataSource.m; sourceTree = "<group>"; };
		CA77DADC17900F6C0012FE4F /* ZHCollectionCell.h */ = {isa = PBXFileReference; fileEncoding = 4; lastKnownFileType = sourcecode.c.h; path = ZHCollectionCell.h; sourceTree = "<group>"; };
		CA77DADD17900F6C0012FE4F /* ZHCollectionCell.m */ = {isa = PBXFileReference; fileEncoding = 4; lastKnownFileType = sourcecode.c.objc; path = ZHCollectionCell.m; sourceTree = "<group>"; };
		CA77DADF17900F8C0012FE4F /* ZHCollectionDataSource.h */ = {isa = PBXFileReference; fileEncoding = 4; lastKnownFileType = sourcecode.c.h; path = ZHCollectionDataSource.h; sourceTree = "<group>"; };
		CA77DAE017900F8C0012FE4F /* ZHCollectionDataSource.m */ = {isa = PBXFileReference; fileEncoding = 4; lastKnownFileType = sourcecode.c.objc; path = ZHCollectionDataSource.m; sourceTree = "<group>"; };
		CA77DAE217900FA90012FE4F /* ZHCollectionDelegate.h */ = {isa = PBXFileReference; fileEncoding = 4; lastKnownFileType = sourcecode.c.h; path = ZHCollectionDelegate.h; sourceTree = "<group>"; };
		CA77DAE317900FA90012FE4F /* ZHCollectionDelegate.m */ = {isa = PBXFileReference; fileEncoding = 4; lastKnownFileType = sourcecode.c.objc; path = ZHCollectionDelegate.m; sourceTree = "<group>"; };
		CA8C5448178EA2B2005552CE /* ZHDemo.app */ = {isa = PBXFileReference; explicitFileType = wrapper.application; includeInIndex = 0; path = ZHDemo.app; sourceTree = BUILT_PRODUCTS_DIR; };
		CA8C544B178EA2B2005552CE /* UIKit.framework */ = {isa = PBXFileReference; lastKnownFileType = wrapper.framework; name = UIKit.framework; path = System/Library/Frameworks/UIKit.framework; sourceTree = SDKROOT; };
		CA8C544D178EA2B2005552CE /* Foundation.framework */ = {isa = PBXFileReference; lastKnownFileType = wrapper.framework; name = Foundation.framework; path = System/Library/Frameworks/Foundation.framework; sourceTree = SDKROOT; };
		CA8C544F178EA2B2005552CE /* CoreGraphics.framework */ = {isa = PBXFileReference; lastKnownFileType = wrapper.framework; name = CoreGraphics.framework; path = System/Library/Frameworks/CoreGraphics.framework; sourceTree = SDKROOT; };
		CA8C5453178EA2B2005552CE /* ZHDemo-Info.plist */ = {isa = PBXFileReference; lastKnownFileType = text.plist.xml; path = "ZHDemo-Info.plist"; sourceTree = "<group>"; };
		CA8C5455178EA2B2005552CE /* en */ = {isa = PBXFileReference; lastKnownFileType = text.plist.strings; name = en; path = en.lproj/InfoPlist.strings; sourceTree = "<group>"; };
		CA8C5457178EA2B2005552CE /* main.m */ = {isa = PBXFileReference; lastKnownFileType = sourcecode.c.objc; path = main.m; sourceTree = "<group>"; };
		CA8C5459178EA2B2005552CE /* ZHDemo-Prefix.pch */ = {isa = PBXFileReference; lastKnownFileType = sourcecode.c.h; path = "ZHDemo-Prefix.pch"; sourceTree = "<group>"; };
		CA8C545A178EA2B2005552CE /* ZHAppDelegate.h */ = {isa = PBXFileReference; lastKnownFileType = sourcecode.c.h; path = ZHAppDelegate.h; sourceTree = "<group>"; };
		CA8C545B178EA2B2005552CE /* ZHAppDelegate.m */ = {isa = PBXFileReference; lastKnownFileType = sourcecode.c.objc; path = ZHAppDelegate.m; sourceTree = "<group>"; };
		CA8C545D178EA2B2005552CE /* Default.png */ = {isa = PBXFileReference; lastKnownFileType = image.png; path = Default.png; sourceTree = "<group>"; };
		CA8C545F178EA2B2005552CE /* Default@2x.png */ = {isa = PBXFileReference; lastKnownFileType = image.png; path = "Default@2x.png"; sourceTree = "<group>"; };
		CA8C5461178EA2B2005552CE /* Default-568h@2x.png */ = {isa = PBXFileReference; lastKnownFileType = image.png; path = "Default-568h@2x.png"; sourceTree = "<group>"; };
		CA8C5468178EA2B2005552CE /* ZHDemoTests.octest */ = {isa = PBXFileReference; explicitFileType = wrapper.cfbundle; includeInIndex = 0; path = ZHDemoTests.octest; sourceTree = BUILT_PRODUCTS_DIR; };
		CA8C5469178EA2B2005552CE /* SenTestingKit.framework */ = {isa = PBXFileReference; lastKnownFileType = wrapper.framework; name = SenTestingKit.framework; path = Library/Frameworks/SenTestingKit.framework; sourceTree = DEVELOPER_DIR; };
		CA8C5471178EA2B2005552CE /* ZHDemoTests-Info.plist */ = {isa = PBXFileReference; lastKnownFileType = text.plist.xml; path = "ZHDemoTests-Info.plist"; sourceTree = "<group>"; };
		CA8C5473178EA2B2005552CE /* en */ = {isa = PBXFileReference; lastKnownFileType = text.plist.strings; name = en; path = en.lproj/InfoPlist.strings; sourceTree = "<group>"; };
		CA8C5475178EA2B2005552CE /* ZHDemoTests.h */ = {isa = PBXFileReference; lastKnownFileType = sourcecode.c.h; path = ZHDemoTests.h; sourceTree = "<group>"; };
		CA8C5476178EA2B2005552CE /* ZHDemoTests.m */ = {isa = PBXFileReference; lastKnownFileType = sourcecode.c.objc; path = ZHDemoTests.m; sourceTree = "<group>"; };
		CA8D9997179103F000AE1900 /* BackgroundTextures.png */ = {isa = PBXFileReference; lastKnownFileType = image.png; path = BackgroundTextures.png; sourceTree = "<group>"; };
		CA8D9998179103F000AE1900 /* BackgroundTextures@2x.png */ = {isa = PBXFileReference; lastKnownFileType = image.png; path = "BackgroundTextures@2x.png"; sourceTree = "<group>"; };
		CAAEFCCD17911BA800F1233D /* ZHCellMiddleNormal.png */ = {isa = PBXFileReference; lastKnownFileType = image.png; path = ZHCellMiddleNormal.png; sourceTree = "<group>"; };
		CAAEFCCE17911BA800F1233D /* ZHCellMiddleNormal@2x.png */ = {isa = PBXFileReference; lastKnownFileType = image.png; path = "ZHCellMiddleNormal@2x.png"; sourceTree = "<group>"; };
		CABA8A4F179012F0004B356E /* UIView+Frame.h */ = {isa = PBXFileReference; fileEncoding = 4; lastKnownFileType = sourcecode.c.h; path = "UIView+Frame.h"; sourceTree = "<group>"; };
		CABA8A50179012F0004B356E /* UIView+Frame.m */ = {isa = PBXFileReference; fileEncoding = 4; lastKnownFileType = sourcecode.c.objc; path = "UIView+Frame.m"; sourceTree = "<group>"; };
		CABA8A5317901316004B356E /* JSONKit.h */ = {isa = PBXFileReference; fileEncoding = 4; lastKnownFileType = sourcecode.c.h; path = JSONKit.h; sourceTree = "<group>"; };
		CABA8A5417901316004B356E /* JSONKit.m */ = {isa = PBXFileReference; fileEncoding = 4; lastKnownFileType = sourcecode.c.objc; path = JSONKit.m; sourceTree = "<group>"; };
/* End PBXFileReference section */

/* Begin PBXFrameworksBuildPhase section */
		CA8C5445178EA2B2005552CE /* Frameworks */ = {
			isa = PBXFrameworksBuildPhase;
			buildActionMask = 2147483647;
			files = (
				CA4EA68F17911F3C004BE8F9 /* QuartzCore.framework in Frameworks */,
				CA8C544C178EA2B2005552CE /* UIKit.framework in Frameworks */,
				CA8C544E178EA2B2005552CE /* Foundation.framework in Frameworks */,
				CA54FAC0178EAB36007DC220 /* CoreGraphics.framework in Frameworks */,
			);
			runOnlyForDeploymentPostprocessing = 0;
		};
		CA8C5464178EA2B2005552CE /* Frameworks */ = {
			isa = PBXFrameworksBuildPhase;
			buildActionMask = 2147483647;
			files = (
				CA8C546A178EA2B2005552CE /* SenTestingKit.framework in Frameworks */,
				CA8C546B178EA2B2005552CE /* UIKit.framework in Frameworks */,
				CA8C546C178EA2B2005552CE /* Foundation.framework in Frameworks */,
			);
			runOnlyForDeploymentPostprocessing = 0;
		};
/* End PBXFrameworksBuildPhase section */

/* Begin PBXGroup section */
		CA131B2A17915A7A001EE98D /* Collections */ = {
			isa = PBXGroup;
			children = (
				CA77DADC17900F6C0012FE4F /* ZHCollectionCell.h */,
				CA77DADD17900F6C0012FE4F /* ZHCollectionCell.m */,
			);
			name = Collections;
			sourceTree = "<group>";
		};
		CA131B2B17915A89001EE98D /* Answer */ = {
			isa = PBXGroup;
			children = (
				CA131B241791591D001EE98D /* ZHAnswerCell.h */,
				CA131B251791591D001EE98D /* ZHAnswerCell.m */,
				CA131B2717915A5E001EE98D /* ZHAnswerHeaderView.h */,
				CA131B2817915A5E001EE98D /* ZHAnswerHeaderView.m */,
			);
			name = Answer;
			sourceTree = "<group>";
		};
		CA33AC1C1790FDC600F37894 /* collections */ = {
			isa = PBXGroup;
			children = (
				CA33AC1D1790FDC600F37894 /* collections.json */,
			);
			path = collections;
			sourceTree = "<group>";
		};
		CA33AC1F1790FE0F00F37894 /* userinfo */ = {
			isa = PBXGroup;
			children = (
				CA33AC201790FE0F00F37894 /* info1.json */,
				CA33AC211790FE0F00F37894 /* info2.json */,
				CA33AC221790FE0F00F37894 /* info3.json */,
				CA33AC231790FE0F00F37894 /* info4.json */,
				CA33AC241790FE0F00F37894 /* info5.json */,
				CA33AC251790FE0F00F37894 /* info6.json */,
			);
			path = userinfo;
			sourceTree = "<group>";
		};
		CA33AC2C1790FE2200F37894 /* userdetail */ = {
			isa = PBXGroup;
			children = (
				CA33AC2D1790FE2200F37894 /* detail1.json */,
				CA33AC2E1790FE2200F37894 /* detail2.json */,
				CA33AC2F1790FE2200F37894 /* detail3.json */,
				CA33AC301790FE2200F37894 /* detail4.json */,
				CA33AC311790FE2200F37894 /* detail5.json */,
			);
			path = userdetail;
			sourceTree = "<group>";
		};
		CA33AC371790FE3000F37894 /* answerpage */ = {
			isa = PBXGroup;
			children = (
				CA33AC381790FE3000F37894 /* answers.json */,
				CA33AC391790FE3000F37894 /* header.json */,
			);
			path = answerpage;
			sourceTree = "<group>";
		};
		CA33AC3C1790FE3C00F37894 /* images */ = {
			isa = PBXGroup;
			children = (
				CA4EA69017912078004BE8F9 /* ZHDMViewInputBox.png */,
				CA4EA69117912078004BE8F9 /* ZHDMViewInputBox@2x.png */,
				CA8D9997179103F000AE1900 /* BackgroundTextures.png */,
				CA8D9998179103F000AE1900 /* BackgroundTextures@2x.png */,
				CA33AC3D1790FE3C00F37894 /* AvatarFemale100.png */,
				CA33AC3E1790FE3C00F37894 /* AvatarFemale100@2x.png */,
				CA33AC3F1790FE3C00F37894 /* AvatarMale100.png */,
				CA33AC401790FE3C00F37894 /* AvatarMale100@2x.png */,
				CA33AC411790FE3C00F37894 /* AvatarMaskL.png */,
				CA33AC421790FE3C00F37894 /* AvatarMaskL@2x.png */,
				CA33AC431790FE3C00F37894 /* AvatarMaskM.png */,
				CA33AC441790FE3C00F37894 /* AvatarMaskM@2x.png */,
				CA33AC451790FE3C00F37894 /* AvatarMaskS.png */,
				CA33AC461790FE3C00F37894 /* AvatarMaskS@2x.png */,
				CA33AC471790FE3C00F37894 /* AvatarMaskXL.png */,
				CA33AC481790FE3C00F37894 /* AvatarMaskXL@2x.png */,
				CA33AC491790FE3C00F37894 /* NavigationBar.png */,
				CA33AC4A1790FE3C00F37894 /* NavigationBar@2x.png */,
				CA33AC4B1790FE3C00F37894 /* NavigationBarBackButtonHighlight.png */,
				CA33AC4C1790FE3C00F37894 /* NavigationBarBackButtonHighlight@2x.png */,
				CA33AC4D1790FE3C00F37894 /* NavigationBarBackButtonNormal.png */,
				CA33AC4E1790FE3C00F37894 /* NavigationBarBackButtonNormal@2x.png */,
				CA33AC4F1790FE3C00F37894 /* NavigationBarButtonHighlight.png */,
				CA33AC501790FE3C00F37894 /* NavigationBarButtonHighlight@2x.png */,
				CA33AC511790FE3C00F37894 /* NavigationBarButtonNormal.png */,
				CA33AC521790FE3C00F37894 /* NavigationBarButtonNormal@2x.png */,
				CA33AC531790FE3C00F37894 /* NavigationBarShadow.png */,
				CA33AC541790FE3C00F37894 /* NavigationBarShadow@2x.png */,
				CA33AC551790FE3C00F37894 /* ZHAnswerViewCollectIconNormal.png */,
				CA33AC561790FE3C00F37894 /* ZHAnswerViewCollectIconNormal@2x.png */,
				CA33AC571790FE3C00F37894 /* ZHAnswerViewThankIconNormal.png */,
				CA33AC581790FE3C00F37894 /* ZHAnswerViewThankIconNormal@2x.png */,
				CA33AC591790FE3C00F37894 /* ZHCellSingleNormal.png */,
				CA33AC5A1790FE3C00F37894 /* ZHCellSingleNormal@2x.png */,
				CA33AC5B1790FE3C00F37894 /* ZHCellTopNormal.png */,
				CA33AC5C1790FE3C00F37894 /* ZHCellTopNormal@2x.png */,
				CAAEFCCD17911BA800F1233D /* ZHCellMiddleNormal.png */,
				CAAEFCCE17911BA800F1233D /* ZHCellMiddleNormal@2x.png */,
				CA4D4F831793AC06006305B3 /* ZHExploreFavTopBase.png */,
				CA4D4F841793AC06006305B3 /* ZHExploreFavTopBase@2x.png */,
				CA33AC5D1790FE3C00F37894 /* ZHExploreFavBase.png */,
				CA33AC5E1790FE3C00F37894 /* ZHExploreFavBase@2x.png */,
				CA33AC611790FE3C00F37894 /* ZHExploreShuffleIconNext.png */,
				CA33AC621790FE3C00F37894 /* ZHExploreShuffleIconNext@2x.png */,
				CA33AC631790FE3C00F37894 /* ZHFeaturedContentBase.png */,
				CA33AC641790FE3C00F37894 /* ZHFeaturedContentBase@2x.png */,
				CA33AC651790FE3C00F37894 /* ZHFeaturedIconRate.png */,
				CA33AC661790FE3C00F37894 /* ZHFeaturedIconRate@2x.png */,
				CA33AC671790FE3C00F37894 /* ZHListViewArrowRight.png */,
				CA33AC681790FE3C00F37894 /* ZHListViewArrowRight@2x.png */,
				CA33AC691790FE3C00F37894 /* ZHNavigationBarActionIcon.png */,
				CA33AC6A1790FE3C00F37894 /* ZHNavigationBarActionIcon@2x.png */,
				CA33AC6B1790FE3C00F37894 /* ZHNavigationBarMoreIcon.png */,
				CA33AC6C1790FE3C00F37894 /* ZHNavigationBarMoreIcon@2x.png */,
				CA33AC6D1790FE3C00F37894 /* ZHNavigationBarSettingsIcon.png */,
				CA33AC6E1790FE3C00F37894 /* ZHNavigationBarSettingsIcon@2x.png */,
				CA33AC6F1790FE3C00F37894 /* ZHNavigationBarShuffleIcon.png */,
				CA33AC701790FE3C00F37894 /* ZHNavigationBarShuffleIcon@2x.png */,
				CA33AC711790FE3C00F37894 /* ZHProfileMessageIconHighlight.png */,
				CA33AC721790FE3C00F37894 /* ZHProfileMessageIconHighlight@2x.png */,
				CA33AC731790FE3C00F37894 /* ZHProfileMessageIconNormal.png */,
				CA33AC741790FE3C00F37894 /* ZHProfileMessageIconNormal@2x.png */,
				CA33AC751790FE3C00F37894 /* ZHProfileViewGenderFemale.png */,
				CA33AC761790FE3C00F37894 /* ZHProfileViewGenderFemale@2x.png */,
				CA33AC771790FE3C00F37894 /* ZHProfileViewGenderMale.png */,
				CA33AC781790FE3C00F37894 /* ZHProfileViewGenderMale@2x.png */,
				CA33AC791790FE3C00F37894 /* ZHProfileViewSinaWeiboIcon.png */,
				CA33AC7A1790FE3C00F37894 /* ZHProfileViewSinaWeiboIcon@2x.png */,
				CA33AC7B1790FE3C00F37894 /* ZHProfileViewTencentWeiboIcon.png */,
				CA33AC7C1790FE3C00F37894 /* ZHProfileViewTencentWeiboIcon@2x.png */,
				CA33AC7D1790FE3C00F37894 /* ZHProfileViewToolbar.png */,
				CA33AC7E1790FE3C00F37894 /* ZHProfileViewToolbar@2x.png */,
				CA33AC7F1790FE3C00F37894 /* ZHProfileViewTopbg.png */,
				CA33AC801790FE3C00F37894 /* ZHProfileViewTopbg@2x.png */,
				CA33AC811790FE3C00F37894 /* ZHQuestionViewAnswerVotedBase.png */,
				CA33AC821790FE3C00F37894 /* ZHQuestionViewAnswerVotedBase@2x.png */,
				CA33AC831790FE3C00F37894 /* ZHQuestionViewCommentIcon.png */,
				CA33AC841790FE3C00F37894 /* ZHQuestionViewCommentIcon@2x.png */,
				CA33AC851790FE3C00F37894 /* ZHQuestionViewFollowingIcon.png */,
				CA33AC861790FE3C00F37894 /* ZHQuestionViewFollowingIcon@2x.png */,
				CA33AC871790FE3C00F37894 /* ZHThankIcon.png */,
				CA33AC881790FE3C00F37894 /* ZHThankIcon@2x.png */,
				CA33AC891790FE3C00F37894 /* ZHVoteupIcon.png */,
				CA33AC8A1790FE3C00F37894 /* ZHVoteupIcon@2x.png */,
			);
			path = images;
			sourceTree = "<group>";
		};
		CA54FA8A178EA707007DC220 /* Verdons */ = {
			isa = PBXGroup;
			children = (
				CABA8A5217901316004B356E /* JSONKit */,
				CABA8A4E179012F0004B356E /* UIView+Frame */,
			);
			name = Verdons;
			sourceTree = "<group>";
		};
		CA54FAC4178EABBC007DC220 /* DataParser */ = {
			isa = PBXGroup;
			children = (
				CA54FAC1178EABB5007DC220 /* ZHCollectionFactory.h */,
				CA54FAC2178EABB5007DC220 /* ZHCollectionFactory.m */,
				CA54FAC5178EABE0007DC220 /* ZHAnswerFactory.h */,
				CA54FAC6178EABE0007DC220 /* ZHAnswerFactory.m */,
				CA77DA94178FB8EF0012FE4F /* ZHAnswerHeaderFactory.h */,
				CA77DA95178FB8EF0012FE4F /* ZHAnswerHeaderFactory.m */,
				CA54FAC7178EABFA007DC220 /* ZHUserInfoFactory.h */,
				CA54FAC8178EABFA007DC220 /* ZHUserInfoFactory.m */,
				CA54FACB178EAC43007DC220 /* ZHDataParserFactory.h */,
				CA54FACC178EAC43007DC220 /* ZHDataParserFactory.m */,
				CA54FB7C178EB32F007DC220 /* ZHLoadJSONFile.h */,
				CA54FB7D178EB32F007DC220 /* ZHLoadJSONFile.m */,
				CA561F70178F9D2400383B89 /* ZHParser.h */,
				CA561F71178F9D2400383B89 /* ZHParser.m */,
				CA561F6D178F9D0F00383B89 /* ZHCollectionParser.h */,
				CA561F6E178F9D0F00383B89 /* ZHCollectionParser.m */,
				CA561F73178F9D3900383B89 /* ZHAnswerParser.h */,
				CA561F74178F9D3900383B89 /* ZHAnswerParser.m */,
				CA561F7C178FA50800383B89 /* ZHAnswerHeaderParser.h */,
				CA561F7D178FA50800383B89 /* ZHAnswerHeaderParser.m */,
				CA561F76178F9D5F00383B89 /* ZHUserInfoParser.h */,
				CA561F77178F9D5F00383B89 /* ZHUserInfoParser.m */,
			);
			name = DataParser;
			sourceTree = "<group>";
		};
		CA54FAD1178EAD41007DC220 /* Resources */ = {
			isa = PBXGroup;
			children = (
				CA33AC3C1790FE3C00F37894 /* images */,
				CA54FB5B178EB221007DC220 /* JsonFiles */,
			);
			name = Resources;
			sourceTree = "<group>";
		};
		CA54FB5B178EB221007DC220 /* JsonFiles */ = {
			isa = PBXGroup;
			children = (
				CA33AC371790FE3000F37894 /* answerpage */,
				CA33AC2C1790FE2200F37894 /* userdetail */,
				CA33AC1F1790FE0F00F37894 /* userinfo */,
				CA33AC1C1790FDC600F37894 /* collections */,
			);
			name = JsonFiles;
			sourceTree = "<group>";
		};
		CA77DABC178FD8B40012FE4F /* ViewControllers */ = {
			isa = PBXGroup;
			children = (
				CA77DAC2178FFBCE0012FE4F /* ZHListViewController.h */,
				CA77DAC3178FFBCE0012FE4F /* ZHListViewController.m */,
				CA54FA9F178EA7CD007DC220 /* ZHCollectionViewController.h */,
				CA54FAA0178EA7CD007DC220 /* ZHCollectionViewController.m */,
				CA54FAA2178EA81F007DC220 /* ZHAnswerViewController.h */,
				CA54FAA3178EA81F007DC220 /* ZHAnswerViewController.m */,
				CA54FAA5178EA850007DC220 /* ZHUserInfoViewController.h */,
				CA54FAA6178EA850007DC220 /* ZHUserInfoViewController.m */,
				CA54FAA8178EA860007DC220 /* ZHUserDetailViewController.h */,
				CA54FAA9178EA860007DC220 /* ZHUserDetailViewController.m */,
			);
			name = ViewControllers;
			sourceTree = "<group>";
		};
		CA77DABD178FD8F90012FE4F /* Objects */ = {
			isa = PBXGroup;
			children = (
				CA77DAAA178FD8130012FE4F /* ZHObject.h */,
				CA77DAAB178FD8130012FE4F /* ZHObject.m */,
				CA77DAAD178FD8310012FE4F /* ZHCollectionObject.h */,
				CA77DAAE178FD8320012FE4F /* ZHCollectionObject.m */,
				CA77DAB0178FD8440012FE4F /* ZHAnswerObject.h */,
				CA77DAB1178FD8450012FE4F /* ZHAnswerObject.m */,
				CA77DABF178FEA280012FE4F /* ZHAnswerHeaderObject.h */,
				CA77DAC0178FEA290012FE4F /* ZHAnswerHeaderObject.m */,
				CA77DAB3178FD86D0012FE4F /* ZHUserInfoObject.h */,
				CA77DAB4178FD86E0012FE4F /* ZHUserInfoObject.m */,
			);
			name = Objects;
			sourceTree = "<group>";
		};
		CA77DABE178FD91B0012FE4F /* Model */ = {
			isa = PBXGroup;
			children = (
				CA77DAB9178FD88C0012FE4F /* ZHModel.h */,
				CA77DABA178FD88C0012FE4F /* ZHModel.m */,
			);
			name = Model;
			sourceTree = "<group>";
		};
		CA77DACD178FFF390012FE4F /* Views */ = {
			isa = PBXGroup;
			children = (
				CA131B2A17915A7A001EE98D /* Collections */,
				CA131B2B17915A89001EE98D /* Answer */,
				CA77DACE178FFF5D0012FE4F /* ZHListView.h */,
				CA77DACF178FFF5D0012FE4F /* ZHListView.m */,
				CA77DAD31790002F0012FE4F /* ZHListViewCell.h */,
				CA77DAD41790002F0012FE4F /* ZHListViewCell.m */,
			);
			name = Views;
			sourceTree = "<group>";
		};
		CA77DAD1178FFF9A0012FE4F /* ListViewDelegate */ = {
			isa = PBXGroup;
			children = (
				CA77DAD61790004B0012FE4F /* ZHListViewDelegate.h */,
				CA77DAD71790004B0012FE4F /* ZHListViewDelegate.m */,
				CA77DAE217900FA90012FE4F /* ZHCollectionDelegate.h */,
				CA77DAE317900FA90012FE4F /* ZHCollectionDelegate.m */,
			);
			name = ListViewDelegate;
			sourceTree = "<group>";
		};
		CA77DAD2178FFFAD0012FE4F /* ListViewDataSource */ = {
			isa = PBXGroup;
			children = (
				CA77DAD9179000620012FE4F /* ZHListViewDataSource.h */,
				CA77DADA179000620012FE4F /* ZHListViewDataSource.m */,
				CA77DADF17900F8C0012FE4F /* ZHCollectionDataSource.h */,
				CA77DAE017900F8C0012FE4F /* ZHCollectionDataSource.m */,
			);
			name = ListViewDataSource;
			sourceTree = "<group>";
		};
		CA8C543F178EA2B2005552CE = {
			isa = PBXGroup;
			children = (
				CA8C5451178EA2B2005552CE /* ZHDemo */,
				CA54FAD1178EAD41007DC220 /* Resources */,
				CA54FA8A178EA707007DC220 /* Verdons */,
				CA8C546F178EA2B2005552CE /* ZHDemoTests */,
				CA8C544A178EA2B2005552CE /* Frameworks */,
				CA8C5449178EA2B2005552CE /* Products */,
			);
			sourceTree = "<group>";
		};
		CA8C5449178EA2B2005552CE /* Products */ = {
			isa = PBXGroup;
			children = (
				CA8C5448178EA2B2005552CE /* ZHDemo.app */,
				CA8C5468178EA2B2005552CE /* ZHDemoTests.octest */,
			);
			name = Products;
			sourceTree = "<group>";
		};
		CA8C544A178EA2B2005552CE /* Frameworks */ = {
			isa = PBXGroup;
			children = (
				CA4EA68E17911F3C004BE8F9 /* QuartzCore.framework */,
				CA8C544B178EA2B2005552CE /* UIKit.framework */,
				CA8C544D178EA2B2005552CE /* Foundation.framework */,
				CA8C544F178EA2B2005552CE /* CoreGraphics.framework */,
				CA8C5469178EA2B2005552CE /* SenTestingKit.framework */,
			);
			name = Frameworks;
			sourceTree = "<group>";
		};
		CA8C5451178EA2B2005552CE /* ZHDemo */ = {
			isa = PBXGroup;
			children = (
				CA8C545A178EA2B2005552CE /* ZHAppDelegate.h */,
				CA8C545B178EA2B2005552CE /* ZHAppDelegate.m */,
				CA77DAD2178FFFAD0012FE4F /* ListViewDataSource */,
				CA77DAD1178FFF9A0012FE4F /* ListViewDelegate */,
				CA77DABC178FD8B40012FE4F /* ViewControllers */,
				CA77DACD178FFF390012FE4F /* Views */,
				CA54FAC4178EABBC007DC220 /* DataParser */,
				CA77DABD178FD8F90012FE4F /* Objects */,
				CA77DABE178FD91B0012FE4F /* Model */,
				CA8C5452178EA2B2005552CE /* Supporting Files */,
			);
			path = ZHDemo;
			sourceTree = "<group>";
		};
		CA8C5452178EA2B2005552CE /* Supporting Files */ = {
			isa = PBXGroup;
			children = (
				CA8C5453178EA2B2005552CE /* ZHDemo-Info.plist */,
				CA8C5454178EA2B2005552CE /* InfoPlist.strings */,
				CA8C5457178EA2B2005552CE /* main.m */,
				CA8C5459178EA2B2005552CE /* ZHDemo-Prefix.pch */,
				CA8C545D178EA2B2005552CE /* Default.png */,
				CA8C545F178EA2B2005552CE /* Default@2x.png */,
				CA8C5461178EA2B2005552CE /* Default-568h@2x.png */,
			);
			name = "Supporting Files";
			sourceTree = "<group>";
		};
		CA8C546F178EA2B2005552CE /* ZHDemoTests */ = {
			isa = PBXGroup;
			children = (
				CA8C5475178EA2B2005552CE /* ZHDemoTests.h */,
				CA8C5476178EA2B2005552CE /* ZHDemoTests.m */,
				CA8C5470178EA2B2005552CE /* Supporting Files */,
			);
			path = ZHDemoTests;
			sourceTree = "<group>";
		};
		CA8C5470178EA2B2005552CE /* Supporting Files */ = {
			isa = PBXGroup;
			children = (
				CA8C5471178EA2B2005552CE /* ZHDemoTests-Info.plist */,
				CA8C5472178EA2B2005552CE /* InfoPlist.strings */,
			);
			name = "Supporting Files";
			sourceTree = "<group>";
		};
		CABA8A4E179012F0004B356E /* UIView+Frame */ = {
			isa = PBXGroup;
			children = (
				CABA8A4F179012F0004B356E /* UIView+Frame.h */,
				CABA8A50179012F0004B356E /* UIView+Frame.m */,
			);
			path = "UIView+Frame";
			sourceTree = "<group>";
		};
		CABA8A5217901316004B356E /* JSONKit */ = {
			isa = PBXGroup;
			children = (
				CABA8A5317901316004B356E /* JSONKit.h */,
				CABA8A5417901316004B356E /* JSONKit.m */,
			);
			path = JSONKit;
			sourceTree = "<group>";
		};
/* End PBXGroup section */

/* Begin PBXNativeTarget section */
		CA8C5447178EA2B2005552CE /* ZHDemo */ = {
			isa = PBXNativeTarget;
			buildConfigurationList = CA8C547A178EA2B2005552CE /* Build configuration list for PBXNativeTarget "ZHDemo" */;
			buildPhases = (
				CA8C5444178EA2B2005552CE /* Sources */,
				CA8C5445178EA2B2005552CE /* Frameworks */,
				CA8C5446178EA2B2005552CE /* Resources */,
			);
			buildRules = (
			);
			dependencies = (
			);
			name = ZHDemo;
			productName = ZHDemo;
			productReference = CA8C5448178EA2B2005552CE /* ZHDemo.app */;
			productType = "com.apple.product-type.application";
		};
		CA8C5467178EA2B2005552CE /* ZHDemoTests */ = {
			isa = PBXNativeTarget;
			buildConfigurationList = CA8C547D178EA2B2005552CE /* Build configuration list for PBXNativeTarget "ZHDemoTests" */;
			buildPhases = (
				CA8C5463178EA2B2005552CE /* Sources */,
				CA8C5464178EA2B2005552CE /* Frameworks */,
				CA8C5465178EA2B2005552CE /* Resources */,
				CA8C5466178EA2B2005552CE /* ShellScript */,
			);
			buildRules = (
			);
			dependencies = (
				CA8C546E178EA2B2005552CE /* PBXTargetDependency */,
			);
			name = ZHDemoTests;
			productName = ZHDemoTests;
			productReference = CA8C5468178EA2B2005552CE /* ZHDemoTests.octest */;
			productType = "com.apple.product-type.bundle";
		};
/* End PBXNativeTarget section */

/* Begin PBXProject section */
		CA8C5440178EA2B2005552CE /* Project object */ = {
			isa = PBXProject;
			attributes = {
				CLASSPREFIX = ZH;
				LastUpgradeCheck = 0460;
				ORGANIZATIONNAME = ZhiHu;
			};
			buildConfigurationList = CA8C5443178EA2B2005552CE /* Build configuration list for PBXProject "ZHDemo" */;
			compatibilityVersion = "Xcode 3.2";
			developmentRegion = English;
			hasScannedForEncodings = 0;
			knownRegions = (
				en,
			);
			mainGroup = CA8C543F178EA2B2005552CE;
			productRefGroup = CA8C5449178EA2B2005552CE /* Products */;
			projectDirPath = "";
			projectRoot = "";
			targets = (
				CA8C5447178EA2B2005552CE /* ZHDemo */,
				CA8C5467178EA2B2005552CE /* ZHDemoTests */,
			);
		};
/* End PBXProject section */

/* Begin PBXResourcesBuildPhase section */
		CA8C5446178EA2B2005552CE /* Resources */ = {
			isa = PBXResourcesBuildPhase;
			buildActionMask = 2147483647;
			files = (
				CA33ACC41790FE3C00F37894 /* ZHProfileViewGenderFemale@2x.png in Resources */,
				CA33ACC11790FE3C00F37894 /* ZHProfileMessageIconNormal.png in Resources */,
				CA33ACA71790FE3C00F37894 /* ZHCellSingleNormal.png in Resources */,
				CA4D4F851793AC06006305B3 /* ZHExploreFavTopBase.png in Resources */,
				CA33AC9A1790FE3C00F37894 /* NavigationBarBackButtonHighlight@2x.png in Resources */,
				CA33AC2A1790FE0F00F37894 /* info5.json in Resources */,
				CA33ACA81790FE3C00F37894 /* ZHCellSingleNormal@2x.png in Resources */,
				CA33ACA11790FE3C00F37894 /* NavigationBarShadow.png in Resources */,
				CA33ACAC1790FE3C00F37894 /* ZHExploreFavBase@2x.png in Resources */,
				CA33ACBF1790FE3C00F37894 /* ZHProfileMessageIconHighlight.png in Resources */,
				CA33AC3A1790FE3000F37894 /* answers.json in Resources */,
				CA33ACCF1790FE3C00F37894 /* ZHQuestionViewAnswerVotedBase.png in Resources */,
				CA33AC351790FE2200F37894 /* detail4.json in Resources */,
				CA33ACBC1790FE3C00F37894 /* ZHNavigationBarSettingsIcon@2x.png in Resources */,
				CA33ACA31790FE3C00F37894 /* ZHAnswerViewCollectIconNormal.png in Resources */,
				CA33AC9C1790FE3C00F37894 /* NavigationBarBackButtonNormal@2x.png in Resources */,
				CA33ACBB1790FE3C00F37894 /* ZHNavigationBarSettingsIcon.png in Resources */,
				CA33ACC61790FE3C00F37894 /* ZHProfileViewGenderMale@2x.png in Resources */,
				CA33AC271790FE0F00F37894 /* info2.json in Resources */,
				CA33ACBD1790FE3C00F37894 /* ZHNavigationBarShuffleIcon.png in Resources */,
				CA33ACB91790FE3C00F37894 /* ZHNavigationBarMoreIcon.png in Resources */,
				CA8C5456178EA2B2005552CE /* InfoPlist.strings in Resources */,
				CA33AC9F1790FE3C00F37894 /* NavigationBarButtonNormal.png in Resources */,
				CA33ACCC1790FE3C00F37894 /* ZHProfileViewToolbar@2x.png in Resources */,
				CA33ACCB1790FE3C00F37894 /* ZHProfileViewToolbar.png in Resources */,
				CA33AC921790FE3C00F37894 /* AvatarMaskM@2x.png in Resources */,
				CA33ACAF1790FE3C00F37894 /* ZHExploreShuffleIconNext.png in Resources */,
				CA33ACD21790FE3C00F37894 /* ZHQuestionViewCommentIcon@2x.png in Resources */,
				CA33AC281790FE0F00F37894 /* info3.json in Resources */,
				CA33ACD01790FE3C00F37894 /* ZHQuestionViewAnswerVotedBase@2x.png in Resources */,
				CA8D999A179103F000AE1900 /* BackgroundTextures@2x.png in Resources */,
				CA33ACD81790FE3C00F37894 /* ZHVoteupIcon@2x.png in Resources */,
				CA4D4F861793AC06006305B3 /* ZHExploreFavTopBase@2x.png in Resources */,
				CA33ACBA1790FE3C00F37894 /* ZHNavigationBarMoreIcon@2x.png in Resources */,
				CA33AC9B1790FE3C00F37894 /* NavigationBarBackButtonNormal.png in Resources */,
				CA33AC9D1790FE3C00F37894 /* NavigationBarButtonHighlight.png in Resources */,
				CA33ACCE1790FE3C00F37894 /* ZHProfileViewTopbg@2x.png in Resources */,
				CA33ACC91790FE3C00F37894 /* ZHProfileViewTencentWeiboIcon.png in Resources */,
				CA33AC961790FE3C00F37894 /* AvatarMaskXL@2x.png in Resources */,
				CA33ACD11790FE3C00F37894 /* ZHQuestionViewCommentIcon.png in Resources */,
				CA33AC931790FE3C00F37894 /* AvatarMaskS.png in Resources */,
				CA33AC901790FE3C00F37894 /* AvatarMaskL@2x.png in Resources */,
				CA33ACB81790FE3C00F37894 /* ZHNavigationBarActionIcon@2x.png in Resources */,
				CA33ACAB1790FE3C00F37894 /* ZHExploreFavBase.png in Resources */,
				CA33ACC31790FE3C00F37894 /* ZHProfileViewGenderFemale.png in Resources */,
				CA33ACC81790FE3C00F37894 /* ZHProfileViewSinaWeiboIcon@2x.png in Resources */,
				CA33ACB71790FE3C00F37894 /* ZHNavigationBarActionIcon.png in Resources */,
				CA33ACD61790FE3C00F37894 /* ZHThankIcon@2x.png in Resources */,
				CA8C545E178EA2B2005552CE /* Default.png in Resources */,
				CA33AC2B1790FE0F00F37894 /* info6.json in Resources */,
				CA33AC911790FE3C00F37894 /* AvatarMaskM.png in Resources */,
				CA33ACA91790FE3C00F37894 /* ZHCellTopNormal.png in Resources */,
				CA33ACCD1790FE3C00F37894 /* ZHProfileViewTopbg.png in Resources */,
				CA33ACB31790FE3C00F37894 /* ZHFeaturedIconRate.png in Resources */,
				CA8C5460178EA2B2005552CE /* Default@2x.png in Resources */,
				CA33AC8C1790FE3C00F37894 /* AvatarFemale100@2x.png in Resources */,
				CA33ACA41790FE3C00F37894 /* ZHAnswerViewCollectIconNormal@2x.png in Resources */,
				CA33AC971790FE3C00F37894 /* NavigationBar.png in Resources */,
				CA33AC1E1790FDC600F37894 /* collections.json in Resources */,
				CA33ACA01790FE3C00F37894 /* NavigationBarButtonNormal@2x.png in Resources */,
				CA33ACA61790FE3C00F37894 /* ZHAnswerViewThankIconNormal@2x.png in Resources */,
				CA33ACD51790FE3C00F37894 /* ZHThankIcon.png in Resources */,
				CA33AC8F1790FE3C00F37894 /* AvatarMaskL.png in Resources */,
				CA33ACD71790FE3C00F37894 /* ZHVoteupIcon.png in Resources */,
				CA33ACD41790FE3C00F37894 /* ZHQuestionViewFollowingIcon@2x.png in Resources */,
				CA33ACC51790FE3C00F37894 /* ZHProfileViewGenderMale.png in Resources */,
				CA33ACA51790FE3C00F37894 /* ZHAnswerViewThankIconNormal.png in Resources */,
				CA33ACB41790FE3C00F37894 /* ZHFeaturedIconRate@2x.png in Resources */,
				CA33AC8B1790FE3C00F37894 /* AvatarFemale100.png in Resources */,
				CA33AC941790FE3C00F37894 /* AvatarMaskS@2x.png in Resources */,
				CA33ACC71790FE3C00F37894 /* ZHProfileViewSinaWeiboIcon.png in Resources */,
				CA33AC951790FE3C00F37894 /* AvatarMaskXL.png in Resources */,
				CA33ACAA1790FE3C00F37894 /* ZHCellTopNormal@2x.png in Resources */,
				CA33ACC01790FE3C00F37894 /* ZHProfileMessageIconHighlight@2x.png in Resources */,
				CA33ACC21790FE3C00F37894 /* ZHProfileMessageIconNormal@2x.png in Resources */,
				CA33AC8E1790FE3C00F37894 /* AvatarMale100@2x.png in Resources */,
				CA33AC981790FE3C00F37894 /* NavigationBar@2x.png in Resources */,
				CAAEFCD017911BA800F1233D /* ZHCellMiddleNormal@2x.png in Resources */,
				CA33ACBE1790FE3C00F37894 /* ZHNavigationBarShuffleIcon@2x.png in Resources */,
				CA33ACB01790FE3C00F37894 /* ZHExploreShuffleIconNext@2x.png in Resources */,
				CA33AC9E1790FE3C00F37894 /* NavigationBarButtonHighlight@2x.png in Resources */,
				CA33AC341790FE2200F37894 /* detail3.json in Resources */,
				CA33ACB11790FE3C00F37894 /* ZHFeaturedContentBase.png in Resources */,
				CA33ACCA1790FE3C00F37894 /* ZHProfileViewTencentWeiboIcon@2x.png in Resources */,
				CA33ACA21790FE3C00F37894 /* NavigationBarShadow@2x.png in Resources */,
				CA33AC321790FE2200F37894 /* detail1.json in Resources */,
				CA33ACB61790FE3C00F37894 /* ZHListViewArrowRight@2x.png in Resources */,
				CA33AC261790FE0F00F37894 /* info1.json in Resources */,
				CA33AC291790FE0F00F37894 /* info4.json in Resources */,
				CA33AC991790FE3C00F37894 /* NavigationBarBackButtonHighlight.png in Resources */,
				CAAEFCCF17911BA800F1233D /* ZHCellMiddleNormal.png in Resources */,
				CA33AC331790FE2200F37894 /* detail2.json in Resources */,
				CA33AC3B1790FE3000F37894 /* header.json in Resources */,
				CA33AC361790FE2200F37894 /* detail5.json in Resources */,
				CA8C5462178EA2B2005552CE /* Default-568h@2x.png in Resources */,
				CA4EA69317912078004BE8F9 /* ZHDMViewInputBox@2x.png in Resources */,
				CA33ACD31790FE3C00F37894 /* ZHQuestionViewFollowingIcon.png in Resources */,
				CA33ACB51790FE3C00F37894 /* ZHListViewArrowRight.png in Resources */,
				CA33AC8D1790FE3C00F37894 /* AvatarMale100.png in Resources */,
				CA8D9999179103F000AE1900 /* BackgroundTextures.png in Resources */,
				CA4EA69217912078004BE8F9 /* ZHDMViewInputBox.png in Resources */,
				CA33ACB21790FE3C00F37894 /* ZHFeaturedContentBase@2x.png in Resources */,
			);
			runOnlyForDeploymentPostprocessing = 0;
		};
		CA8C5465178EA2B2005552CE /* Resources */ = {
			isa = PBXResourcesBuildPhase;
			buildActionMask = 2147483647;
			files = (
				CA8C5474178EA2B2005552CE /* InfoPlist.strings in Resources */,
			);
			runOnlyForDeploymentPostprocessing = 0;
		};
/* End PBXResourcesBuildPhase section */

/* Begin PBXShellScriptBuildPhase section */
		CA8C5466178EA2B2005552CE /* ShellScript */ = {
			isa = PBXShellScriptBuildPhase;
			buildActionMask = 2147483647;
			files = (
			);
			inputPaths = (
			);
			outputPaths = (
			);
			runOnlyForDeploymentPostprocessing = 0;
			shellPath = /bin/sh;
			shellScript = "# Run the unit tests in this test bundle.\n\"${SYSTEM_DEVELOPER_DIR}/Tools/RunUnitTests\"\n";
		};
/* End PBXShellScriptBuildPhase section */

/* Begin PBXSourcesBuildPhase section */
		CA8C5444178EA2B2005552CE /* Sources */ = {
			isa = PBXSourcesBuildPhase;
			buildActionMask = 2147483647;
			files = (
				CA561F72178F9D2400383B89 /* ZHParser.m in Sources */,
				CA561F75178F9D3900383B89 /* ZHAnswerParser.m in Sources */,
				CA131B2917915A5E001EE98D /* ZHAnswerHeaderView.m in Sources */,
				CA54FB7E178EB32F007DC220 /* ZHLoadJSONFile.m in Sources */,
				CA561F7E178FA50800383B89 /* ZHAnswerHeaderParser.m in Sources */,
				CA54FAA7178EA850007DC220 /* ZHUserInfoViewController.m in Sources */,
				CA54FAA4178EA81F007DC220 /* ZHAnswerViewController.m in Sources */,
				CA8C5458178EA2B2005552CE /* main.m in Sources */,
				CA54FAA1178EA7CD007DC220 /* ZHCollectionViewController.m in Sources */,
				CA8C545C178EA2B2005552CE /* ZHAppDelegate.m in Sources */,
				CA561F78178F9D5F00383B89 /* ZHUserInfoParser.m in Sources */,
				CA54FAC3178EABB5007DC220 /* ZHCollectionFactory.m in Sources */,
				CA54FACD178EAC43007DC220 /* ZHDataParserFactory.m in Sources */,
				CA54FACE178EAC64007DC220 /* ZHAnswerFactory.m in Sources */,
				CA54FACF178EAC68007DC220 /* ZHUserInfoFactory.m in Sources */,
				CA54FAAA178EA860007DC220 /* ZHUserDetailViewController.m in Sources */,
				CA561F6F178F9D0F00383B89 /* ZHCollectionParser.m in Sources */,
				CA77DA96178FB8EF0012FE4F /* ZHAnswerHeaderFactory.m in Sources */,
				CA77DAAC178FD8140012FE4F /* ZHObject.m in Sources */,
				CA77DAAF178FD8330012FE4F /* ZHCollectionObject.m in Sources */,
				CA77DAB2178FD8450012FE4F /* ZHAnswerObject.m in Sources */,
				CABA8A51179012F0004B356E /* UIView+Frame.m in Sources */,
				CA131B261791591D001EE98D /* ZHAnswerCell.m in Sources */,
				CA77DAB5178FD86F0012FE4F /* ZHUserInfoObject.m in Sources */,
				CA77DABB178FD88D0012FE4F /* ZHModel.m in Sources */,
				CA77DAC1178FEA290012FE4F /* ZHAnswerHeaderObject.m in Sources */,
				CA77DAC4178FFBCE0012FE4F /* ZHListViewController.m in Sources */,
				CA77DAD0178FFF5D0012FE4F /* ZHListView.m in Sources */,
				CA77DAD51790002F0012FE4F /* ZHListViewCell.m in Sources */,
				CA77DAD81790004B0012FE4F /* ZHListViewDelegate.m in Sources */,
				CA77DADB179000620012FE4F /* ZHListViewDataSource.m in Sources */,
				CA77DADE17900F6C0012FE4F /* ZHCollectionCell.m in Sources */,
				CA77DAE117900F8D0012FE4F /* ZHCollectionDataSource.m in Sources */,
				CA77DAE417900FA90012FE4F /* ZHCollectionDelegate.m in Sources */,
				CABA8A5517901316004B356E /* JSONKit.m in Sources */,
			);
			runOnlyForDeploymentPostprocessing = 0;
		};
		CA8C5463178EA2B2005552CE /* Sources */ = {
			isa = PBXSourcesBuildPhase;
			buildActionMask = 2147483647;
			files = (
				CA8C5477178EA2B2005552CE /* ZHDemoTests.m in Sources */,
			);
			runOnlyForDeploymentPostprocessing = 0;
		};
/* End PBXSourcesBuildPhase section */

/* Begin PBXTargetDependency section */
		CA8C546E178EA2B2005552CE /* PBXTargetDependency */ = {
			isa = PBXTargetDependency;
			target = CA8C5447178EA2B2005552CE /* ZHDemo */;
			targetProxy = CA8C546D178EA2B2005552CE /* PBXContainerItemProxy */;
		};
/* End PBXTargetDependency section */

/* Begin PBXVariantGroup section */
		CA8C5454178EA2B2005552CE /* InfoPlist.strings */ = {
			isa = PBXVariantGroup;
			children = (
				CA8C5455178EA2B2005552CE /* en */,
			);
			name = InfoPlist.strings;
			sourceTree = "<group>";
		};
		CA8C5472178EA2B2005552CE /* InfoPlist.strings */ = {
			isa = PBXVariantGroup;
			children = (
				CA8C5473178EA2B2005552CE /* en */,
			);
			name = InfoPlist.strings;
			sourceTree = "<group>";
		};
/* End PBXVariantGroup section */

/* Begin XCBuildConfiguration section */
		CA8C5478178EA2B2005552CE /* Debug */ = {
			isa = XCBuildConfiguration;
			buildSettings = {
				ALWAYS_SEARCH_USER_PATHS = NO;
				CLANG_CXX_LANGUAGE_STANDARD = "gnu++0x";
				CLANG_CXX_LIBRARY = "libc++";
				CLANG_ENABLE_OBJC_ARC = YES;
				CLANG_WARN_CONSTANT_CONVERSION = YES;
				CLANG_WARN_EMPTY_BODY = YES;
				CLANG_WARN_ENUM_CONVERSION = YES;
				CLANG_WARN_INT_CONVERSION = YES;
				CLANG_WARN__DUPLICATE_METHOD_MATCH = YES;
				CODE_SIGN_IDENTITY = "iPhone Developer";
				"CODE_SIGN_IDENTITY[sdk=iphoneos*]" = "iPhone Developer";
				COPY_PHASE_STRIP = NO;
				GCC_C_LANGUAGE_STANDARD = gnu99;
				GCC_DYNAMIC_NO_PIC = NO;
				GCC_OPTIMIZATION_LEVEL = 0;
				GCC_PREPROCESSOR_DEFINITIONS = (
					"DEBUG=1",
					"$(inherited)",
				);
				GCC_SYMBOLS_PRIVATE_EXTERN = NO;
				GCC_WARN_ABOUT_RETURN_TYPE = YES;
				GCC_WARN_UNINITIALIZED_AUTOS = YES;
				GCC_WARN_UNUSED_VARIABLE = YES;
				IPHONEOS_DEPLOYMENT_TARGET = 4.3;
				ONLY_ACTIVE_ARCH = YES;
				PROVISIONING_PROFILE = "";
				SDKROOT = iphoneos;
			};
			name = Debug;
		};
		CA8C5479178EA2B2005552CE /* Release */ = {
			isa = XCBuildConfiguration;
			buildSettings = {
				ALWAYS_SEARCH_USER_PATHS = NO;
				CLANG_CXX_LANGUAGE_STANDARD = "gnu++0x";
				CLANG_CXX_LIBRARY = "libc++";
				CLANG_ENABLE_OBJC_ARC = YES;
				CLANG_WARN_CONSTANT_CONVERSION = YES;
				CLANG_WARN_EMPTY_BODY = YES;
				CLANG_WARN_ENUM_CONVERSION = YES;
				CLANG_WARN_INT_CONVERSION = YES;
				CLANG_WARN__DUPLICATE_METHOD_MATCH = YES;
				"CODE_SIGN_IDENTITY[sdk=iphoneos*]" = "iPhone Developer";
				COPY_PHASE_STRIP = YES;
				GCC_C_LANGUAGE_STANDARD = gnu99;
				GCC_WARN_ABOUT_RETURN_TYPE = YES;
				GCC_WARN_UNINITIALIZED_AUTOS = YES;
				GCC_WARN_UNUSED_VARIABLE = YES;
				IPHONEOS_DEPLOYMENT_TARGET = 4.3;
				OTHER_CFLAGS = "-DNS_BLOCK_ASSERTIONS=1";
				SDKROOT = iphoneos;
				VALIDATE_PRODUCT = YES;
			};
			name = Release;
		};
		CA8C547B178EA2B2005552CE /* Debug */ = {
			isa = XCBuildConfiguration;
			buildSettings = {
				CODE_SIGN_IDENTITY = "";
				"CODE_SIGN_IDENTITY[sdk=iphoneos*]" = "";
				FRAMEWORK_SEARCH_PATHS = (
					"$(inherited)",
					"$(SRCROOT)",
				);
				GCC_PRECOMPILE_PREFIX_HEADER = YES;
				GCC_PREFIX_HEADER = "ZHDemo/ZHDemo-Prefix.pch";
				HEADER_SEARCH_PATHS = "";
				INFOPLIST_FILE = "ZHDemo/ZHDemo-Info.plist";
				LIBRARY_SEARCH_PATHS = (
					"$(inherited)",
					"\"$(SRCROOT)\"",
				);
				PRODUCT_NAME = "$(TARGET_NAME)";
				PROVISIONING_PROFILE = "72E76468-5FD0-4859-A66A-3C404D67FEEE";
				WRAPPER_EXTENSION = app;
			};
			name = Debug;
		};
		CA8C547C178EA2B2005552CE /* Release */ = {
			isa = XCBuildConfiguration;
			buildSettings = {
				CODE_SIGN_IDENTITY = "";
				"CODE_SIGN_IDENTITY[sdk=iphoneos*]" = "";
				FRAMEWORK_SEARCH_PATHS = (
					"$(inherited)",
					"$(SRCROOT)",
				);
				GCC_PRECOMPILE_PREFIX_HEADER = YES;
				GCC_PREFIX_HEADER = "ZHDemo/ZHDemo-Prefix.pch";
				HEADER_SEARCH_PATHS = "";
				INFOPLIST_FILE = "ZHDemo/ZHDemo-Info.plist";
				LIBRARY_SEARCH_PATHS = (
					"$(inherited)",
					"\"$(SRCROOT)\"",
				);
				PRODUCT_NAME = "$(TARGET_NAME)";
				PROVISIONING_PROFILE = "72E76468-5FD0-4859-A66A-3C404D67FEEE";
				"PROVISIONING_PROFILE[sdk=iphoneos*]" = "72E76468-5FD0-4859-A66A-3C404D67FEEE";
				WRAPPER_EXTENSION = app;
			};
			name = Release;
		};
		CA8C547E178EA2B2005552CE /* Debug */ = {
			isa = XCBuildConfiguration;
			buildSettings = {
				BUNDLE_LOADER = "$(BUILT_PRODUCTS_DIR)/ZHDemo.app/ZHDemo";
				FRAMEWORK_SEARCH_PATHS = (
					"\"$(SDKROOT)/Developer/Library/Frameworks\"",
					"\"$(DEVELOPER_LIBRARY_DIR)/Frameworks\"",
				);
				GCC_PRECOMPILE_PREFIX_HEADER = YES;
				GCC_PREFIX_HEADER = "ZHDemo/ZHDemo-Prefix.pch";
				INFOPLIST_FILE = "ZHDemoTests/ZHDemoTests-Info.plist";
				PRODUCT_NAME = "$(TARGET_NAME)";
				TEST_HOST = "$(BUNDLE_LOADER)";
				WRAPPER_EXTENSION = octest;
			};
			name = Debug;
		};
		CA8C547F178EA2B2005552CE /* Release */ = {
			isa = XCBuildConfiguration;
			buildSettings = {
				BUNDLE_LOADER = "$(BUILT_PRODUCTS_DIR)/ZHDemo.app/ZHDemo";
				FRAMEWORK_SEARCH_PATHS = (
					"\"$(SDKROOT)/Developer/Library/Frameworks\"",
					"\"$(DEVELOPER_LIBRARY_DIR)/Frameworks\"",
				);
				GCC_PRECOMPILE_PREFIX_HEADER = YES;
				GCC_PREFIX_HEADER = "ZHDemo/ZHDemo-Prefix.pch";
				INFOPLIST_FILE = "ZHDemoTests/ZHDemoTests-Info.plist";
				PRODUCT_NAME = "$(TARGET_NAME)";
				TEST_HOST = "$(BUNDLE_LOADER)";
				WRAPPER_EXTENSION = octest;
			};
			name = Release;
		};
/* End XCBuildConfiguration section */

/* Begin XCConfigurationList section */
		CA8C5443178EA2B2005552CE /* Build configuration list for PBXProject "ZHDemo" */ = {
			isa = XCConfigurationList;
			buildConfigurations = (
				CA8C5478178EA2B2005552CE /* Debug */,
				CA8C5479178EA2B2005552CE /* Release */,
			);
			defaultConfigurationIsVisible = 0;
			defaultConfigurationName = Release;
		};
		CA8C547A178EA2B2005552CE /* Build configuration list for PBXNativeTarget "ZHDemo" */ = {
			isa = XCConfigurationList;
			buildConfigurations = (
				CA8C547B178EA2B2005552CE /* Debug */,
				CA8C547C178EA2B2005552CE /* Release */,
			);
			defaultConfigurationIsVisible = 0;
			defaultConfigurationName = Release;
		};
		CA8C547D178EA2B2005552CE /* Build configuration list for PBXNativeTarget "ZHDemoTests" */ = {
			isa = XCConfigurationList;
			buildConfigurations = (
				CA8C547E178EA2B2005552CE /* Debug */,
				CA8C547F178EA2B2005552CE /* Release */,
			);
			defaultConfigurationIsVisible = 0;
			defaultConfigurationName = Release;
		};
/* End XCConfigurationList section */
	};
	rootObject = CA8C5440178EA2B2005552CE /* Project object */;
}
